// !$*UTF8*$!
{
	archiveVersion = 1;
	classes = {
	};
	objectVersion = 54;
	objects = {

/* Begin PBXBuildFile section */
		551A5FF1251AB1950004C9A0 /* IterableSDK in Frameworks */ = {isa = PBXBuildFile; productRef = 551A5FF0251AB1950004C9A0 /* IterableSDK */; };
		551A5FF3251AB19B0004C9A0 /* IterableAppExtensions in Frameworks */ = {isa = PBXBuildFile; productRef = 551A5FF2251AB19B0004C9A0 /* IterableAppExtensions */; };
		AC1BDF5820E304BC000010CA /* CoffeeListTableViewController.swift in Sources */ = {isa = PBXBuildFile; fileRef = AC5ECD9E20E304000081E1DA /* CoffeeListTableViewController.swift */; };
		AC1BDF5920E304BF000010CA /* DeepLinkHandler.swift in Sources */ = {isa = PBXBuildFile; fileRef = AC1BDF5720E30436000010CA /* DeepLinkHandler.swift */; };
		AC1BDF5A20E304CC000010CA /* CoffeeViewController.swift in Sources */ = {isa = PBXBuildFile; fileRef = AC5ECD9F20E304070081E1DA /* CoffeeViewController.swift */; };
		AC1BDF5B20E304D1000010CA /* UIViewController+Extension.swift in Sources */ = {isa = PBXBuildFile; fileRef = AC5ECD9C20E303D20081E1DA /* UIViewController+Extension.swift */; };
		AC1BDF5C20E304D7000010CA /* CoffeeType.swift in Sources */ = {isa = PBXBuildFile; fileRef = ACFA148520E3033700AF4A5A /* CoffeeType.swift */; };
		ACA3A13920E2F6AF00FEF74F /* AppDelegate.swift in Sources */ = {isa = PBXBuildFile; fileRef = ACA3A13820E2F6AF00FEF74F /* AppDelegate.swift */; };
		ACA3A13E20E2F6AF00FEF74F /* Main.storyboard in Resources */ = {isa = PBXBuildFile; fileRef = ACA3A13C20E2F6AF00FEF74F /* Main.storyboard */; };
		ACA3A14020E2F6B100FEF74F /* Assets.xcassets in Resources */ = {isa = PBXBuildFile; fileRef = ACA3A13F20E2F6B100FEF74F /* Assets.xcassets */; };
		ACA3A14320E2F6B100FEF74F /* LaunchScreen.storyboard in Resources */ = {isa = PBXBuildFile; fileRef = ACA3A14120E2F6B100FEF74F /* LaunchScreen.storyboard */; };
		ACA3A15120E2F83E00FEF74F /* NotificationService.swift in Sources */ = {isa = PBXBuildFile; fileRef = ACA3A15020E2F83E00FEF74F /* NotificationService.swift */; };
		ACA3A15520E2F83E00FEF74F /* swift-sample-app-notification-extension.appex in Embed Foundation Extensions */ = {isa = PBXBuildFile; fileRef = ACA3A14E20E2F83D00FEF74F /* swift-sample-app-notification-extension.appex */; settings = {ATTRIBUTES = (RemoveHeadersOnCopy, ); }; };
		ACE7624B20FEB2C20040A002 /* LoginViewController.swift in Sources */ = {isa = PBXBuildFile; fileRef = ACE7624A20FEB2C20040A002 /* LoginViewController.swift */; };
		C3353E992B1E65390031F9FE /* SwiftSampleAppUITest.swift in Sources */ = {isa = PBXBuildFile; fileRef = C3353E982B1E65390031F9FE /* SwiftSampleAppUITest.swift */; };
		C3353EA22B1E6C1F0031F9FE /* XCUITestBase.swift in Sources */ = {isa = PBXBuildFile; fileRef = C3353EA12B1E6C1F0031F9FE /* XCUITestBase.swift */; };
/* End PBXBuildFile section */

/* Begin PBXContainerItemProxy section */
		ACA3A15320E2F83E00FEF74F /* PBXContainerItemProxy */ = {
			isa = PBXContainerItemProxy;
			containerPortal = ACA3A12D20E2F6AF00FEF74F /* Project object */;
			proxyType = 1;
			remoteGlobalIDString = ACA3A14D20E2F83D00FEF74F;
			remoteInfo = "swift-sample-app-notification-extension";
		};
		C3353E9C2B1E65390031F9FE /* PBXContainerItemProxy */ = {
			isa = PBXContainerItemProxy;
			containerPortal = ACA3A12D20E2F6AF00FEF74F /* Project object */;
			proxyType = 1;
			remoteGlobalIDString = ACA3A13420E2F6AF00FEF74F;
			remoteInfo = "swift-sample-app";
		};
/* End PBXContainerItemProxy section */

/* Begin PBXCopyFilesBuildPhase section */
		ACA3A15920E2F83E00FEF74F /* Embed Foundation Extensions */ = {
			isa = PBXCopyFilesBuildPhase;
			buildActionMask = 2147483647;
			dstPath = "";
			dstSubfolderSpec = 13;
			files = (
				ACA3A15520E2F83E00FEF74F /* swift-sample-app-notification-extension.appex in Embed Foundation Extensions */,
			);
			name = "Embed Foundation Extensions";
			runOnlyForDeploymentPostprocessing = 0;
		};
/* End PBXCopyFilesBuildPhase section */

/* Begin PBXFileReference section */
		551A5FEC251AB1510004C9A0 /* swift-sdk */ = {isa = PBXFileReference; lastKnownFileType = folder; name = "swift-sdk"; path = ../..; sourceTree = "<group>"; };
		AC1BDF5720E30436000010CA /* DeepLinkHandler.swift */ = {isa = PBXFileReference; lastKnownFileType = sourcecode.swift; path = DeepLinkHandler.swift; sourceTree = "<group>"; };
		AC5ECD9C20E303D20081E1DA /* UIViewController+Extension.swift */ = {isa = PBXFileReference; lastKnownFileType = sourcecode.swift; path = "UIViewController+Extension.swift"; sourceTree = "<group>"; };
		AC5ECD9E20E304000081E1DA /* CoffeeListTableViewController.swift */ = {isa = PBXFileReference; lastKnownFileType = sourcecode.swift; path = CoffeeListTableViewController.swift; sourceTree = "<group>"; };
		AC5ECD9F20E304070081E1DA /* CoffeeViewController.swift */ = {isa = PBXFileReference; lastKnownFileType = sourcecode.swift; path = CoffeeViewController.swift; sourceTree = "<group>"; };
		ACA3A13520E2F6AF00FEF74F /* swift-sample-app.app */ = {isa = PBXFileReference; explicitFileType = wrapper.application; includeInIndex = 0; path = "swift-sample-app.app"; sourceTree = BUILT_PRODUCTS_DIR; };
		ACA3A13820E2F6AF00FEF74F /* AppDelegate.swift */ = {isa = PBXFileReference; lastKnownFileType = sourcecode.swift; path = AppDelegate.swift; sourceTree = "<group>"; };
		ACA3A13D20E2F6AF00FEF74F /* Base */ = {isa = PBXFileReference; lastKnownFileType = file.storyboard; name = Base; path = Base.lproj/Main.storyboard; sourceTree = "<group>"; };
		ACA3A13F20E2F6B100FEF74F /* Assets.xcassets */ = {isa = PBXFileReference; lastKnownFileType = folder.assetcatalog; path = Assets.xcassets; sourceTree = "<group>"; };
		ACA3A14220E2F6B100FEF74F /* Base */ = {isa = PBXFileReference; lastKnownFileType = file.storyboard; name = Base; path = Base.lproj/LaunchScreen.storyboard; sourceTree = "<group>"; };
		ACA3A14420E2F6B100FEF74F /* Info.plist */ = {isa = PBXFileReference; lastKnownFileType = text.plist.xml; path = Info.plist; sourceTree = "<group>"; };
		ACA3A14E20E2F83D00FEF74F /* swift-sample-app-notification-extension.appex */ = {isa = PBXFileReference; explicitFileType = "wrapper.app-extension"; includeInIndex = 0; path = "swift-sample-app-notification-extension.appex"; sourceTree = BUILT_PRODUCTS_DIR; };
		ACA3A15020E2F83E00FEF74F /* NotificationService.swift */ = {isa = PBXFileReference; lastKnownFileType = sourcecode.swift; path = NotificationService.swift; sourceTree = "<group>"; };
		ACA3A15220E2F83E00FEF74F /* Info.plist */ = {isa = PBXFileReference; lastKnownFileType = text.plist.xml; path = Info.plist; sourceTree = "<group>"; };
		ACA3A16420E2FC7500FEF74F /* swift-sample-app.entitlements */ = {isa = PBXFileReference; lastKnownFileType = text.plist.entitlements; path = "swift-sample-app.entitlements"; sourceTree = "<group>"; };
		ACE7624A20FEB2C20040A002 /* LoginViewController.swift */ = {isa = PBXFileReference; lastKnownFileType = sourcecode.swift; path = LoginViewController.swift; sourceTree = "<group>"; };
		ACFA148520E3033700AF4A5A /* CoffeeType.swift */ = {isa = PBXFileReference; lastKnownFileType = sourcecode.swift; path = CoffeeType.swift; sourceTree = "<group>"; };
		C3353E962B1E65390031F9FE /* SwiftSampleAppUITest.xctest */ = {isa = PBXFileReference; explicitFileType = wrapper.cfbundle; includeInIndex = 0; path = SwiftSampleAppUITest.xctest; sourceTree = BUILT_PRODUCTS_DIR; };
		C3353E982B1E65390031F9FE /* SwiftSampleAppUITest.swift */ = {isa = PBXFileReference; lastKnownFileType = sourcecode.swift; path = SwiftSampleAppUITest.swift; sourceTree = "<group>"; };
		C3353EA12B1E6C1F0031F9FE /* XCUITestBase.swift */ = {isa = PBXFileReference; lastKnownFileType = sourcecode.swift; path = XCUITestBase.swift; sourceTree = "<group>"; };
/* End PBXFileReference section */

/* Begin PBXFrameworksBuildPhase section */
		ACA3A13220E2F6AF00FEF74F /* Frameworks */ = {
			isa = PBXFrameworksBuildPhase;
			buildActionMask = 2147483647;
			files = (
				551A5FF1251AB1950004C9A0 /* IterableSDK in Frameworks */,
			);
			runOnlyForDeploymentPostprocessing = 0;
		};
		ACA3A14B20E2F83D00FEF74F /* Frameworks */ = {
			isa = PBXFrameworksBuildPhase;
			buildActionMask = 2147483647;
			files = (
				551A5FF3251AB19B0004C9A0 /* IterableAppExtensions in Frameworks */,
			);
			runOnlyForDeploymentPostprocessing = 0;
		};
		C3353E932B1E65390031F9FE /* Frameworks */ = {
			isa = PBXFrameworksBuildPhase;
			buildActionMask = 2147483647;
			files = (
			);
			runOnlyForDeploymentPostprocessing = 0;
		};
/* End PBXFrameworksBuildPhase section */

/* Begin PBXGroup section */
		AC5ECD9B20E3038B0081E1DA /* Deep Link Handling */ = {
			isa = PBXGroup;
			children = (
				AC1BDF5720E30436000010CA /* DeepLinkHandler.swift */,
				AC5ECD9C20E303D20081E1DA /* UIViewController+Extension.swift */,
			);
			name = "Deep Link Handling";
			sourceTree = "<group>";
		};
		AC5ECD9D20E303F50081E1DA /* ViewControllers */ = {
			isa = PBXGroup;
			children = (
				AC5ECD9E20E304000081E1DA /* CoffeeListTableViewController.swift */,
				AC5ECD9F20E304070081E1DA /* CoffeeViewController.swift */,
				ACE7624A20FEB2C20040A002 /* LoginViewController.swift */,
			);
			name = ViewControllers;
			sourceTree = "<group>";
		};
		ACA3A12C20E2F6AF00FEF74F = {
			isa = PBXGroup;
			children = (
				ACA3A13720E2F6AF00FEF74F /* swift-sample-app */,
				ACA3A14F20E2F83E00FEF74F /* swift-sample-app-notification-extension */,
				ACA3A13620E2F6AF00FEF74F /* Products */,
				551A5FEC251AB1510004C9A0 /* swift-sdk */,
			);
			sourceTree = "<group>";
		};
		ACA3A13620E2F6AF00FEF74F /* Products */ = {
			isa = PBXGroup;
			children = (
				ACA3A13520E2F6AF00FEF74F /* swift-sample-app.app */,
				ACA3A14E20E2F83D00FEF74F /* swift-sample-app-notification-extension.appex */,
				C3353E962B1E65390031F9FE /* SwiftSampleAppUITest.xctest */,
			);
			name = Products;
			sourceTree = "<group>";
		};
		ACA3A13720E2F6AF00FEF74F /* swift-sample-app */ = {
			isa = PBXGroup;
			children = (
				C3353E972B1E65390031F9FE /* swift-sample-app-ui-test */,
				AC5ECD9D20E303F50081E1DA /* ViewControllers */,
				AC5ECD9B20E3038B0081E1DA /* Deep Link Handling */,
				ACFA148620E3034800AF4A5A /* Assets */,
				ACFA148320E3031800AF4A5A /* Supporting Files */,
				ACFA148420E3033700AF4A5A /* Model */,
				ACFA148720E3036200AF4A5A /* Storyboards */,
				ACA3A13820E2F6AF00FEF74F /* AppDelegate.swift */,
			);
			path = "swift-sample-app";
			sourceTree = "<group>";
		};
		ACA3A14F20E2F83E00FEF74F /* swift-sample-app-notification-extension */ = {
			isa = PBXGroup;
			children = (
				ACA3A15020E2F83E00FEF74F /* NotificationService.swift */,
				ACA3A15220E2F83E00FEF74F /* Info.plist */,
			);
			path = "swift-sample-app-notification-extension";
			sourceTree = "<group>";
		};
		ACFA148320E3031800AF4A5A /* Supporting Files */ = {
			isa = PBXGroup;
			children = (
				ACA3A14420E2F6B100FEF74F /* Info.plist */,
				ACA3A16420E2FC7500FEF74F /* swift-sample-app.entitlements */,
			);
			name = "Supporting Files";
			sourceTree = "<group>";
		};
		ACFA148420E3033700AF4A5A /* Model */ = {
			isa = PBXGroup;
			children = (
				ACFA148520E3033700AF4A5A /* CoffeeType.swift */,
			);
			name = Model;
			sourceTree = "<group>";
		};
		ACFA148620E3034800AF4A5A /* Assets */ = {
			isa = PBXGroup;
			children = (
				ACA3A13F20E2F6B100FEF74F /* Assets.xcassets */,
			);
			name = Assets;
			sourceTree = "<group>";
		};
		ACFA148720E3036200AF4A5A /* Storyboards */ = {
			isa = PBXGroup;
			children = (
				ACA3A13C20E2F6AF00FEF74F /* Main.storyboard */,
				ACA3A14120E2F6B100FEF74F /* LaunchScreen.storyboard */,
			);
			name = Storyboards;
			sourceTree = "<group>";
		};
		C3353E972B1E65390031F9FE /* swift-sample-app-ui-test */ = {
			isa = PBXGroup;
			children = (
				C3353E982B1E65390031F9FE /* SwiftSampleAppUITest.swift */,
				C3353EA12B1E6C1F0031F9FE /* XCUITestBase.swift */,
			);
			path = "swift-sample-app-ui-test";
			sourceTree = "<group>";
		};
/* End PBXGroup section */

/* Begin PBXNativeTarget section */
		ACA3A13420E2F6AF00FEF74F /* swift-sample-app */ = {
			isa = PBXNativeTarget;
			buildConfigurationList = ACA3A14720E2F6B100FEF74F /* Build configuration list for PBXNativeTarget "swift-sample-app" */;
			buildPhases = (
				ACA3A13120E2F6AF00FEF74F /* Sources */,
				ACA3A13220E2F6AF00FEF74F /* Frameworks */,
				ACA3A13320E2F6AF00FEF74F /* Resources */,
				ACA3A15920E2F83E00FEF74F /* Embed Foundation Extensions */,
			);
			buildRules = (
			);
			dependencies = (
				ACA3A15420E2F83E00FEF74F /* PBXTargetDependency */,
			);
			name = "swift-sample-app";
			packageProductDependencies = (
				551A5FF0251AB1950004C9A0 /* IterableSDK */,
			);
			productName = "swift-sample-app";
			productReference = ACA3A13520E2F6AF00FEF74F /* swift-sample-app.app */;
			productType = "com.apple.product-type.application";
		};
		ACA3A14D20E2F83D00FEF74F /* swift-sample-app-notification-extension */ = {
			isa = PBXNativeTarget;
			buildConfigurationList = ACA3A15620E2F83E00FEF74F /* Build configuration list for PBXNativeTarget "swift-sample-app-notification-extension" */;
			buildPhases = (
				ACA3A14A20E2F83D00FEF74F /* Sources */,
				ACA3A14B20E2F83D00FEF74F /* Frameworks */,
				ACA3A14C20E2F83D00FEF74F /* Resources */,
			);
			buildRules = (
			);
			dependencies = (
			);
			name = "swift-sample-app-notification-extension";
			packageProductDependencies = (
				551A5FF2251AB19B0004C9A0 /* IterableAppExtensions */,
			);
			productName = "swift-sample-app-notification-extension";
			productReference = ACA3A14E20E2F83D00FEF74F /* swift-sample-app-notification-extension.appex */;
			productType = "com.apple.product-type.app-extension";
		};
		C3353E952B1E65390031F9FE /* SwiftSampleAppUITest */ = {
			isa = PBXNativeTarget;
			buildConfigurationList = C3353EA02B1E65390031F9FE /* Build configuration list for PBXNativeTarget "SwiftSampleAppUITest" */;
			buildPhases = (
				C3353E922B1E65390031F9FE /* Sources */,
				C3353E932B1E65390031F9FE /* Frameworks */,
				C3353E942B1E65390031F9FE /* Resources */,
			);
			buildRules = (
			);
			dependencies = (
				C3353E9D2B1E65390031F9FE /* PBXTargetDependency */,
			);
			name = SwiftSampleAppUITest;
			productName = SwiftSampleAppUITest;
			productReference = C3353E962B1E65390031F9FE /* SwiftSampleAppUITest.xctest */;
			productType = "com.apple.product-type.bundle.ui-testing";
		};
/* End PBXNativeTarget section */

/* Begin PBXProject section */
		ACA3A12D20E2F6AF00FEF74F /* Project object */ = {
			isa = PBXProject;
			attributes = {
				LastSwiftUpdateCheck = 1420;
				LastUpgradeCheck = 1420;
				ORGANIZATIONNAME = Iterable;
				TargetAttributes = {
					ACA3A13420E2F6AF00FEF74F = {
						CreatedOnToolsVersion = 9.4;
						LastSwiftMigration = 1030;
						SystemCapabilities = {
							com.apple.Push = {
								enabled = 1;
							};
							com.apple.SafariKeychain = {
								enabled = 1;
							};
						};
					};
					ACA3A14D20E2F83D00FEF74F = {
						CreatedOnToolsVersion = 9.4;
						LastSwiftMigration = 1030;
					};
					C3353E952B1E65390031F9FE = {
						CreatedOnToolsVersion = 14.2;
						TestTargetID = ACA3A13420E2F6AF00FEF74F;
					};
				};
			};
			buildConfigurationList = ACA3A13020E2F6AF00FEF74F /* Build configuration list for PBXProject "swift-sample-app" */;
			compatibilityVersion = "Xcode 12.0";
			developmentRegion = en;
			hasScannedForEncodings = 0;
			knownRegions = (
				en,
				Base,
			);
			mainGroup = ACA3A12C20E2F6AF00FEF74F;
			productRefGroup = ACA3A13620E2F6AF00FEF74F /* Products */;
			projectDirPath = "";
			projectRoot = "";
			targets = (
				ACA3A13420E2F6AF00FEF74F /* swift-sample-app */,
				ACA3A14D20E2F83D00FEF74F /* swift-sample-app-notification-extension */,
				C3353E952B1E65390031F9FE /* SwiftSampleAppUITest */,
			);
		};
/* End PBXProject section */

/* Begin PBXResourcesBuildPhase section */
		ACA3A13320E2F6AF00FEF74F /* Resources */ = {
			isa = PBXResourcesBuildPhase;
			buildActionMask = 2147483647;
			files = (
				ACA3A14320E2F6B100FEF74F /* LaunchScreen.storyboard in Resources */,
				ACA3A14020E2F6B100FEF74F /* Assets.xcassets in Resources */,
				ACA3A13E20E2F6AF00FEF74F /* Main.storyboard in Resources */,
			);
			runOnlyForDeploymentPostprocessing = 0;
		};
		ACA3A14C20E2F83D00FEF74F /* Resources */ = {
			isa = PBXResourcesBuildPhase;
			buildActionMask = 2147483647;
			files = (
			);
			runOnlyForDeploymentPostprocessing = 0;
		};
		C3353E942B1E65390031F9FE /* Resources */ = {
			isa = PBXResourcesBuildPhase;
			buildActionMask = 2147483647;
			files = (
			);
			runOnlyForDeploymentPostprocessing = 0;
		};
/* End PBXResourcesBuildPhase section */

/* Begin PBXSourcesBuildPhase section */
		ACA3A13120E2F6AF00FEF74F /* Sources */ = {
			isa = PBXSourcesBuildPhase;
			buildActionMask = 2147483647;
			files = (
				AC1BDF5A20E304CC000010CA /* CoffeeViewController.swift in Sources */,
				ACA3A13920E2F6AF00FEF74F /* AppDelegate.swift in Sources */,
				AC1BDF5920E304BF000010CA /* DeepLinkHandler.swift in Sources */,
				ACE7624B20FEB2C20040A002 /* LoginViewController.swift in Sources */,
				AC1BDF5C20E304D7000010CA /* CoffeeType.swift in Sources */,
				AC1BDF5B20E304D1000010CA /* UIViewController+Extension.swift in Sources */,
				AC1BDF5820E304BC000010CA /* CoffeeListTableViewController.swift in Sources */,
			);
			runOnlyForDeploymentPostprocessing = 0;
		};
		ACA3A14A20E2F83D00FEF74F /* Sources */ = {
			isa = PBXSourcesBuildPhase;
			buildActionMask = 2147483647;
			files = (
				ACA3A15120E2F83E00FEF74F /* NotificationService.swift in Sources */,
			);
			runOnlyForDeploymentPostprocessing = 0;
		};
		C3353E922B1E65390031F9FE /* Sources */ = {
			isa = PBXSourcesBuildPhase;
			buildActionMask = 2147483647;
			files = (
				C3353E992B1E65390031F9FE /* SwiftSampleAppUITest.swift in Sources */,
				C3353EA22B1E6C1F0031F9FE /* XCUITestBase.swift in Sources */,
			);
			runOnlyForDeploymentPostprocessing = 0;
		};
/* End PBXSourcesBuildPhase section */

/* Begin PBXTargetDependency section */
		ACA3A15420E2F83E00FEF74F /* PBXTargetDependency */ = {
			isa = PBXTargetDependency;
			target = ACA3A14D20E2F83D00FEF74F /* swift-sample-app-notification-extension */;
			targetProxy = ACA3A15320E2F83E00FEF74F /* PBXContainerItemProxy */;
		};
		C3353E9D2B1E65390031F9FE /* PBXTargetDependency */ = {
			isa = PBXTargetDependency;
			target = ACA3A13420E2F6AF00FEF74F /* swift-sample-app */;
			targetProxy = C3353E9C2B1E65390031F9FE /* PBXContainerItemProxy */;
		};
/* End PBXTargetDependency section */

/* Begin PBXVariantGroup section */
		ACA3A13C20E2F6AF00FEF74F /* Main.storyboard */ = {
			isa = PBXVariantGroup;
			children = (
				ACA3A13D20E2F6AF00FEF74F /* Base */,
			);
			name = Main.storyboard;
			sourceTree = "<group>";
		};
		ACA3A14120E2F6B100FEF74F /* LaunchScreen.storyboard */ = {
			isa = PBXVariantGroup;
			children = (
				ACA3A14220E2F6B100FEF74F /* Base */,
			);
			name = LaunchScreen.storyboard;
			sourceTree = "<group>";
		};
/* End PBXVariantGroup section */

/* Begin XCBuildConfiguration section */
		ACA3A14520E2F6B100FEF74F /* Debug */ = {
			isa = XCBuildConfiguration;
			buildSettings = {
				ALWAYS_SEARCH_USER_PATHS = NO;
				CLANG_ANALYZER_NONNULL = YES;
				CLANG_ANALYZER_NUMBER_OBJECT_CONVERSION = YES_AGGRESSIVE;
				CLANG_CXX_LANGUAGE_STANDARD = "gnu++14";
				CLANG_CXX_LIBRARY = "libc++";
				CLANG_ENABLE_MODULES = YES;
				CLANG_ENABLE_OBJC_ARC = YES;
				CLANG_ENABLE_OBJC_WEAK = YES;
				CLANG_WARN_BLOCK_CAPTURE_AUTORELEASING = YES;
				CLANG_WARN_BOOL_CONVERSION = YES;
				CLANG_WARN_COMMA = YES;
				CLANG_WARN_CONSTANT_CONVERSION = YES;
				CLANG_WARN_DEPRECATED_OBJC_IMPLEMENTATIONS = YES;
				CLANG_WARN_DIRECT_OBJC_ISA_USAGE = YES_ERROR;
				CLANG_WARN_DOCUMENTATION_COMMENTS = YES;
				CLANG_WARN_EMPTY_BODY = YES;
				CLANG_WARN_ENUM_CONVERSION = YES;
				CLANG_WARN_INFINITE_RECURSION = YES;
				CLANG_WARN_INT_CONVERSION = YES;
				CLANG_WARN_NON_LITERAL_NULL_CONVERSION = YES;
				CLANG_WARN_OBJC_IMPLICIT_RETAIN_SELF = YES;
				CLANG_WARN_OBJC_LITERAL_CONVERSION = YES;
				CLANG_WARN_OBJC_ROOT_CLASS = YES_ERROR;
				CLANG_WARN_QUOTED_INCLUDE_IN_FRAMEWORK_HEADER = YES;
				CLANG_WARN_RANGE_LOOP_ANALYSIS = YES;
				CLANG_WARN_STRICT_PROTOTYPES = YES;
				CLANG_WARN_SUSPICIOUS_MOVE = YES;
				CLANG_WARN_UNGUARDED_AVAILABILITY = YES_AGGRESSIVE;
				CLANG_WARN_UNREACHABLE_CODE = YES;
				CLANG_WARN__DUPLICATE_METHOD_MATCH = YES;
				CODE_SIGN_IDENTITY = "Apple Development: Justin Yu (23ZWSJHXW7)";
				COPY_PHASE_STRIP = NO;
				DEBUG_INFORMATION_FORMAT = dwarf;
				ENABLE_STRICT_OBJC_MSGSEND = YES;
				ENABLE_TESTABILITY = YES;
				GCC_C_LANGUAGE_STANDARD = gnu11;
				GCC_DYNAMIC_NO_PIC = NO;
				GCC_NO_COMMON_BLOCKS = YES;
				GCC_OPTIMIZATION_LEVEL = 0;
				GCC_PREPROCESSOR_DEFINITIONS = (
					"DEBUG=1",
					"$(inherited)",
				);
				GCC_WARN_64_TO_32_BIT_CONVERSION = YES;
				GCC_WARN_ABOUT_RETURN_TYPE = YES_ERROR;
				GCC_WARN_UNDECLARED_SELECTOR = YES;
				GCC_WARN_UNINITIALIZED_AUTOS = YES_AGGRESSIVE;
				GCC_WARN_UNUSED_FUNCTION = YES;
				GCC_WARN_UNUSED_VARIABLE = YES;
				IPHONEOS_DEPLOYMENT_TARGET = 12.0;
				MTL_ENABLE_DEBUG_INFO = YES;
				ONLY_ACTIVE_ARCH = YES;
				SDKROOT = iphoneos;
				SWIFT_ACTIVE_COMPILATION_CONDITIONS = DEBUG;
				SWIFT_OPTIMIZATION_LEVEL = "-Onone";
			};
			name = Debug;
		};
		ACA3A14620E2F6B100FEF74F /* Release */ = {
			isa = XCBuildConfiguration;
			buildSettings = {
				ALWAYS_SEARCH_USER_PATHS = NO;
				CLANG_ANALYZER_NONNULL = YES;
				CLANG_ANALYZER_NUMBER_OBJECT_CONVERSION = YES_AGGRESSIVE;
				CLANG_CXX_LANGUAGE_STANDARD = "gnu++14";
				CLANG_CXX_LIBRARY = "libc++";
				CLANG_ENABLE_MODULES = YES;
				CLANG_ENABLE_OBJC_ARC = YES;
				CLANG_ENABLE_OBJC_WEAK = YES;
				CLANG_WARN_BLOCK_CAPTURE_AUTORELEASING = YES;
				CLANG_WARN_BOOL_CONVERSION = YES;
				CLANG_WARN_COMMA = YES;
				CLANG_WARN_CONSTANT_CONVERSION = YES;
				CLANG_WARN_DEPRECATED_OBJC_IMPLEMENTATIONS = YES;
				CLANG_WARN_DIRECT_OBJC_ISA_USAGE = YES_ERROR;
				CLANG_WARN_DOCUMENTATION_COMMENTS = YES;
				CLANG_WARN_EMPTY_BODY = YES;
				CLANG_WARN_ENUM_CONVERSION = YES;
				CLANG_WARN_INFINITE_RECURSION = YES;
				CLANG_WARN_INT_CONVERSION = YES;
				CLANG_WARN_NON_LITERAL_NULL_CONVERSION = YES;
				CLANG_WARN_OBJC_IMPLICIT_RETAIN_SELF = YES;
				CLANG_WARN_OBJC_LITERAL_CONVERSION = YES;
				CLANG_WARN_OBJC_ROOT_CLASS = YES_ERROR;
				CLANG_WARN_QUOTED_INCLUDE_IN_FRAMEWORK_HEADER = YES;
				CLANG_WARN_RANGE_LOOP_ANALYSIS = YES;
				CLANG_WARN_STRICT_PROTOTYPES = YES;
				CLANG_WARN_SUSPICIOUS_MOVE = YES;
				CLANG_WARN_UNGUARDED_AVAILABILITY = YES_AGGRESSIVE;
				CLANG_WARN_UNREACHABLE_CODE = YES;
				CLANG_WARN__DUPLICATE_METHOD_MATCH = YES;
				CODE_SIGN_IDENTITY = "iPhone Developer";
				COPY_PHASE_STRIP = NO;
				DEBUG_INFORMATION_FORMAT = "dwarf-with-dsym";
				ENABLE_NS_ASSERTIONS = NO;
				ENABLE_STRICT_OBJC_MSGSEND = YES;
				GCC_C_LANGUAGE_STANDARD = gnu11;
				GCC_NO_COMMON_BLOCKS = YES;
				GCC_WARN_64_TO_32_BIT_CONVERSION = YES;
				GCC_WARN_ABOUT_RETURN_TYPE = YES_ERROR;
				GCC_WARN_UNDECLARED_SELECTOR = YES;
				GCC_WARN_UNINITIALIZED_AUTOS = YES_AGGRESSIVE;
				GCC_WARN_UNUSED_FUNCTION = YES;
				GCC_WARN_UNUSED_VARIABLE = YES;
				IPHONEOS_DEPLOYMENT_TARGET = 12.0;
				MTL_ENABLE_DEBUG_INFO = NO;
				SDKROOT = iphoneos;
				SWIFT_COMPILATION_MODE = wholemodule;
				SWIFT_OPTIMIZATION_LEVEL = "-O";
				VALIDATE_PRODUCT = YES;
			};
			name = Release;
		};
		ACA3A14820E2F6B100FEF74F /* Debug */ = {
			isa = XCBuildConfiguration;
			buildSettings = {
				ASSETCATALOG_COMPILER_APPICON_NAME = AppIcon;
				CODE_SIGN_ENTITLEMENTS = "swift-sample-app/swift-sample-app.entitlements";
				CODE_SIGN_IDENTITY = "Apple Development";
				"CODE_SIGN_IDENTITY[sdk=iphoneos*]" = "iPhone Developer";
				CODE_SIGN_STYLE = Manual;
				DEVELOPMENT_TEAM = "";
				"DEVELOPMENT_TEAM[sdk=iphoneos*]" = BP98Z28R86;
				INFOPLIST_FILE = "swift-sample-app/Info.plist";
				LD_RUNPATH_SEARCH_PATHS = (
					"$(inherited)",
					"@executable_path/Frameworks",
				);
				PRODUCT_BUNDLE_IDENTIFIER = "iterable.swift-sample-app";
				PRODUCT_NAME = "$(TARGET_NAME)";
				PROVISIONING_PROFILE_SPECIFIER = "";
				"PROVISIONING_PROFILE_SPECIFIER[sdk=iphoneos*]" = "ios-dev-swift-sample-app";
				SWIFT_VERSION = 5.0;
				TARGETED_DEVICE_FAMILY = "1,2";
			};
			name = Debug;
		};
		ACA3A14920E2F6B100FEF74F /* Release */ = {
			isa = XCBuildConfiguration;
			buildSettings = {
				ASSETCATALOG_COMPILER_APPICON_NAME = AppIcon;
				CODE_SIGN_ENTITLEMENTS = "swift-sample-app/swift-sample-app.entitlements";
				CODE_SIGN_IDENTITY = "";
				CODE_SIGN_STYLE = Manual;
				DEVELOPMENT_TEAM = "";
				"DEVELOPMENT_TEAM[sdk=iphoneos*]" = BP98Z28R86;
				INFOPLIST_FILE = "swift-sample-app/Info.plist";
				LD_RUNPATH_SEARCH_PATHS = (
					"$(inherited)",
					"@executable_path/Frameworks",
				);
				PRODUCT_BUNDLE_IDENTIFIER = "iterable.swift-sample-app";
				PRODUCT_NAME = "$(TARGET_NAME)";
				PROVISIONING_PROFILE_SPECIFIER = "";
				"PROVISIONING_PROFILE_SPECIFIER[sdk=iphoneos*]" = "ios-dev-swift-sample-app";
				SWIFT_VERSION = 5.0;
				TARGETED_DEVICE_FAMILY = "1,2";
			};
			name = Release;
		};
		ACA3A15720E2F83E00FEF74F /* Debug */ = {
			isa = XCBuildConfiguration;
			buildSettings = {
				CODE_SIGN_IDENTITY = "Apple Development";
				"CODE_SIGN_IDENTITY[sdk=iphoneos*]" = "iPhone Developer";
				CODE_SIGN_STYLE = Manual;
				DEVELOPMENT_TEAM = "";
				"DEVELOPMENT_TEAM[sdk=iphoneos*]" = BP98Z28R86;
				INFOPLIST_FILE = "swift-sample-app-notification-extension/Info.plist";
				LD_RUNPATH_SEARCH_PATHS = (
					"$(inherited)",
					"@executable_path/Frameworks",
					"@executable_path/../../Frameworks",
				);
				PRODUCT_BUNDLE_IDENTIFIER = "iterable.swift-sample-app.swift-sample-app-notification-extension";
				PRODUCT_NAME = "$(TARGET_NAME)";
				PROVISIONING_PROFILE_SPECIFIER = "";
				"PROVISIONING_PROFILE_SPECIFIER[sdk=iphoneos*]" = "ios-dev-swift-sample-app-notification-extension";
				SKIP_INSTALL = YES;
				SWIFT_VERSION = 5.0;
				TARGETED_DEVICE_FAMILY = "1,2";
			};
			name = Debug;
		};
		ACA3A15820E2F83E00FEF74F /* Release */ = {
			isa = XCBuildConfiguration;
			buildSettings = {
				CODE_SIGN_IDENTITY = "";
				CODE_SIGN_STYLE = Manual;
				DEVELOPMENT_TEAM = "";
				"DEVELOPMENT_TEAM[sdk=iphoneos*]" = BP98Z28R86;
				INFOPLIST_FILE = "swift-sample-app-notification-extension/Info.plist";
				LD_RUNPATH_SEARCH_PATHS = (
					"$(inherited)",
					"@executable_path/Frameworks",
					"@executable_path/../../Frameworks",
				);
				PRODUCT_BUNDLE_IDENTIFIER = "iterable.swift-sample-app.swift-sample-app-notification-extension";
				PRODUCT_NAME = "$(TARGET_NAME)";
				PROVISIONING_PROFILE_SPECIFIER = "";
				"PROVISIONING_PROFILE_SPECIFIER[sdk=iphoneos*]" = "ios-dev-swift-sample-app-notification-extension";
				SKIP_INSTALL = YES;
				SWIFT_VERSION = 5.0;
				TARGETED_DEVICE_FAMILY = "1,2";
			};
			name = Release;
		};
		C3353E9E2B1E65390031F9FE /* Debug */ = {
			isa = XCBuildConfiguration;
			buildSettings = {
				CLANG_CXX_LANGUAGE_STANDARD = "gnu++20";
				CODE_SIGN_IDENTITY = "Apple Development";
				"CODE_SIGN_IDENTITY[sdk=iphoneos*]" = "iPhone Developer";
				CODE_SIGN_STYLE = Manual;
				CURRENT_PROJECT_VERSION = 1;
				DEVELOPMENT_TEAM = "";
				"DEVELOPMENT_TEAM[sdk=iphoneos*]" = BP98Z28R86;
				GENERATE_INFOPLIST_FILE = YES;
				IPHONEOS_DEPLOYMENT_TARGET = 16.2;
				MARKETING_VERSION = 1.0;
				MTL_ENABLE_DEBUG_INFO = INCLUDE_SOURCE;
				MTL_FAST_MATH = YES;
				PRODUCT_BUNDLE_IDENTIFIER = "iterable.swift-sample-app.SwiftSampleAppUITest";
				PRODUCT_NAME = "$(TARGET_NAME)";
				PROVISIONING_PROFILE_SPECIFIER = "";
				"PROVISIONING_PROFILE_SPECIFIER[sdk=iphoneos*]" = "ios-dev-swift-sample-app-wildcard";
				SWIFT_EMIT_LOC_STRINGS = NO;
				SWIFT_VERSION = 5.0;
				TARGETED_DEVICE_FAMILY = "1,2";
				TEST_TARGET_NAME = "swift-sample-app";
			};
			name = Debug;
		};
		C3353E9F2B1E65390031F9FE /* Release */ = {
			isa = XCBuildConfiguration;
			buildSettings = {
				CLANG_CXX_LANGUAGE_STANDARD = "gnu++20";
				CODE_SIGN_IDENTITY = "";
				CODE_SIGN_STYLE = Automatic;
				CURRENT_PROJECT_VERSION = 1;
				DEVELOPMENT_TEAM = BP98Z28R86;
				GENERATE_INFOPLIST_FILE = YES;
				IPHONEOS_DEPLOYMENT_TARGET = 16.2;
				MARKETING_VERSION = 1.0;
				MTL_FAST_MATH = YES;
				PRODUCT_BUNDLE_IDENTIFIER = "iterable.swift-sample-app.SwiftSampleAppUITest";
				PRODUCT_NAME = "$(TARGET_NAME)";
				SWIFT_EMIT_LOC_STRINGS = NO;
				SWIFT_VERSION = 5.0;
				TARGETED_DEVICE_FAMILY = "1,2";
				TEST_TARGET_NAME = "swift-sample-app";
			};
			name = Release;
		};
/* End XCBuildConfiguration section */

/* Begin XCConfigurationList section */
		ACA3A13020E2F6AF00FEF74F /* Build configuration list for PBXProject "swift-sample-app" */ = {
			isa = XCConfigurationList;
			buildConfigurations = (
				ACA3A14520E2F6B100FEF74F /* Debug */,
				ACA3A14620E2F6B100FEF74F /* Release */,
			);
			defaultConfigurationIsVisible = 0;
			defaultConfigurationName = Release;
		};
		ACA3A14720E2F6B100FEF74F /* Build configuration list for PBXNativeTarget "swift-sample-app" */ = {
			isa = XCConfigurationList;
			buildConfigurations = (
				ACA3A14820E2F6B100FEF74F /* Debug */,
				ACA3A14920E2F6B100FEF74F /* Release */,
			);
			defaultConfigurationIsVisible = 0;
			defaultConfigurationName = Release;
		};
		ACA3A15620E2F83E00FEF74F /* Build configuration list for PBXNativeTarget "swift-sample-app-notification-extension" */ = {
			isa = XCConfigurationList;
			buildConfigurations = (
				ACA3A15720E2F83E00FEF74F /* Debug */,
				ACA3A15820E2F83E00FEF74F /* Release */,
			);
			defaultConfigurationIsVisible = 0;
			defaultConfigurationName = Release;
		};
		C3353EA02B1E65390031F9FE /* Build configuration list for PBXNativeTarget "SwiftSampleAppUITest" */ = {
			isa = XCConfigurationList;
			buildConfigurations = (
				C3353E9E2B1E65390031F9FE /* Debug */,
				C3353E9F2B1E65390031F9FE /* Release */,
			);
			defaultConfigurationIsVisible = 0;
			defaultConfigurationName = Release;
		};
/* End XCConfigurationList section */

/* Begin XCSwiftPackageProductDependency section */
		551A5FF0251AB1950004C9A0 /* IterableSDK */ = {
			isa = XCSwiftPackageProductDependency;
			productName = IterableSDK;
		};
		551A5FF2251AB19B0004C9A0 /* IterableAppExtensions */ = {
			isa = XCSwiftPackageProductDependency;
			productName = IterableAppExtensions;
		};
/* End XCSwiftPackageProductDependency section */
	};
	rootObject = ACA3A12D20E2F6AF00FEF74F /* Project object */;
}
