{
  "object": {
    "pins": [
      {
        "package": "IterableSDK",
        "repositoryURL": "https://github.com/Iterable/swift-sdk.git",
        "state": {
          "branch": "master",
          "revision": "60189ff6952b4d0f3af0672eb0cd6bdd84098883",
          "version": null
        }
      }
    ]
  },
  "version": 1
}
