{
  "object": {
    "pins": [
      {
        "package": "IterableSDK",
        "repositoryURL": "https://github.com/Iterable/swift-sdk.git",
        "state": {
          "branch": "master",
          "revision": "03a93afec4a1ffda914a9ec58040f30a99b000e6",
          "version": null
        }
      }
    ]
  },
  "version": 1
}
