{
  "object": {
    "pins": [
      {
        "package": "IterableSDK",
        "repositoryURL": "https://github.com/Iterable/swift-sdk",
        "state": {
          "branch": "inbox",
          "revision": "dc50263200642b9dbedbccd5b285e383a4595d0e",
          "version": null
        }
      }
    ]
  },
  "version": 1
}
