{
  "object": {
    "pins": [
      {
        "package": "IterableSDK",
        "repositoryURL": "https://github.com/iterable/iterable-swift-sdk.git",
        "state": {
          "branch": null,
          "revision": "b57c7f5ed225f09cb54db77a1d4e159830182916",
          "version": "6.5.9"
        }
      }
    ]
  },
  "version": 1
}
