<?xml version="1.0" encoding="UTF-8"?>
<Scheme
   LastUpgradeVersion = "1420"
   version = "1.3">
   <BuildAction
      parallelizeBuildables = "YES"
      buildImplicitDependencies = "YES">
      <BuildActionEntries>
         <BuildActionEntry
            buildForTesting = "YES"
            buildForRunning = "YES"
            buildForProfiling = "YES"
            buildForArchiving = "YES"
            buildForAnalyzing = "YES">
            <BuildableReference
               BuildableIdentifier = "primary"
               BlueprintIdentifier = "AC2263DE20CF49B8009800EB"
               BuildableName = "IterableSDK.framework"
               BlueprintName = "swift-sdk"
               ReferencedContainer = "container:swift-sdk.xcodeproj">
            </BuildableReference>
         </BuildActionEntry>
         <BuildActionEntry
            buildForTesting = "YES"
            buildForRunning = "YES"
            buildForProfiling = "YES"
            buildForArchiving = "YES"
            buildForAnalyzing = "YES">
            <BuildableReference
               BuildableIdentifier = "primary"
               BlueprintIdentifier = "AC90C4C320D8632D00EECA5D"
               BuildableName = "IterableAppExtensions.framework"
               BlueprintName = "notification-extension"
               ReferencedContainer = "container:swift-sdk.xcodeproj">
            </BuildableReference>
         </BuildActionEntry>
         <BuildActionEntry
            buildForTesting = "YES"
            buildForRunning = "YES"
            buildForProfiling = "YES"
            buildForArchiving = "NO"
            buildForAnalyzing = "NO">
            <BuildableReference
               BuildableIdentifier = "primary"
               BlueprintIdentifier = "ACF560D220E443BF000AAC23"
               BuildableName = "host-app.app"
               BlueprintName = "host-app"
               ReferencedContainer = "container:swift-sdk.xcodeproj">
            </BuildableReference>
         </BuildActionEntry>
         <BuildActionEntry
            buildForTesting = "YES"
            buildForRunning = "NO"
            buildForProfiling = "NO"
            buildForArchiving = "NO"
            buildForAnalyzing = "NO">
            <BuildableReference
               BuildableIdentifier = "primary"
               BlueprintIdentifier = "AC90C4CB20D8632E00EECA5D"
               BuildableName = "notification-extension-tests.xctest"
               BlueprintName = "notification-extension-tests"
               ReferencedContainer = "container:swift-sdk.xcodeproj">
            </BuildableReference>
         </BuildActionEntry>
         <BuildActionEntry
            buildForTesting = "YES"
            buildForRunning = "NO"
            buildForProfiling = "NO"
            buildForArchiving = "NO"
            buildForAnalyzing = "NO">
            <BuildableReference
               BuildableIdentifier = "primary"
               BlueprintIdentifier = "ACFD5AB724C8200C008E497A"
               BuildableName = "offline-events-tests.xctest"
               BlueprintName = "offline-events-tests"
               ReferencedContainer = "container:swift-sdk.xcodeproj">
            </BuildableReference>
         </BuildActionEntry>
      </BuildActionEntries>
   </BuildAction>
   <TestAction
      buildConfiguration = "Debug"
      selectedDebuggerIdentifier = "Xcode.DebuggerFoundation.Debugger.LLDB"
      selectedLauncherIdentifier = "Xcode.DebuggerFoundation.Launcher.LLDB"
      shouldUseLaunchSchemeArgsEnv = "YES"
      codeCoverageEnabled = "YES"
      onlyGenerateCoverageForSpecifiedTargets = "YES">
      <MacroExpansion>
         <BuildableReference
            BuildableIdentifier = "primary"
            BlueprintIdentifier = "ACF560D220E443BF000AAC23"
            BuildableName = "host-app.app"
            BlueprintName = "host-app"
            ReferencedContainer = "container:swift-sdk.xcodeproj">
         </BuildableReference>
      </MacroExpansion>
      <CodeCoverageTargets>
         <BuildableReference
            BuildableIdentifier = "primary"
            BlueprintIdentifier = "AC2263DE20CF49B8009800EB"
            BuildableName = "IterableSDK.framework"
            BlueprintName = "swift-sdk"
            ReferencedContainer = "container:swift-sdk.xcodeproj">
         </BuildableReference>
         <BuildableReference
            BuildableIdentifier = "primary"
            BlueprintIdentifier = "AC90C4C320D8632D00EECA5D"
            BuildableName = "IterableAppExtensions.framework"
            BlueprintName = "notification-extension"
            ReferencedContainer = "container:swift-sdk.xcodeproj">
         </BuildableReference>
      </CodeCoverageTargets>
      <Testables>
         <TestableReference
            skipped = "NO">
            <BuildableReference
               BuildableIdentifier = "primary"
               BlueprintIdentifier = "AC7B142A20D02CE200877BFE"
               BuildableName = "unit-tests.xctest"
               BlueprintName = "unit-tests"
               ReferencedContainer = "container:swift-sdk.xcodeproj">
            </BuildableReference>
            <SkippedTests>
               <Test
                  Identifier = "AuthTests/testAsyncAuthTokenRetrieval()">
               </Test>
               <Test
                  Identifier = "AuthTests/testAuthTokenChangeWithSameEmail()">
               </Test>
               <Test
                  Identifier = "AuthTests/testAuthTokenChangeWithSameUserId()">
               </Test>
               <Test
                  Identifier = "AuthTests/testAuthTokenDeletedOnLogout()">
               </Test>
               <Test
                  Identifier = "AuthTests/testAuthTokenRetrievalFailureReset()">
               </Test>
               <Test
                  Identifier = "AuthTests/testEmailWithTokenPersistence()">
               </Test>
               <Test
                  Identifier = "AuthTests/testLogoutUser()">
               </Test>
               <Test
                  Identifier = "AuthTests/testNewEmailAndThenChangeToken()">
               </Test>
               <Test
                  Identifier = "AuthTests/testNewUserIdAndThenChangeToken()">
               </Test>
               <Test
                  Identifier = "AuthTests/testOnNewAuthTokenCallbackCalled()">
               </Test>
               <Test
                  Identifier = "AuthTests/testPushRegistrationAfterAuthTokenRetrieval()">
               </Test>
               <Test
                  Identifier = "AuthTests/testRefreshTimerQueueRejection()">
               </Test>
               <Test
                  Identifier = "AuthTests/testRetryJwtFailure()">
               </Test>
               <Test
                  Identifier = "AuthTests/testUpdateEmailAndThenChangeToken()">
               </Test>
               <Test
                  Identifier = "AuthTests/testUpdateEmailWithTokenParam()">
               </Test>
               <Test
                  Identifier = "AuthTests/testUserIdWithTokenPersistence()">
               </Test>
            </SkippedTests>
         </TestableReference>
         <TestableReference
            skipped = "NO">
            <BuildableReference
               BuildableIdentifier = "primary"
               BlueprintIdentifier = "ACC87762215C20B50097E29B"
               BuildableName = "ui-tests.xctest"
               BlueprintName = "ui-tests"
               ReferencedContainer = "container:swift-sdk.xcodeproj">
            </BuildableReference>
         </TestableReference>
         <TestableReference
            skipped = "NO">
            <BuildableReference
               BuildableIdentifier = "primary"
               BlueprintIdentifier = "AC90C4CB20D8632E00EECA5D"
               BuildableName = "notification-extension-tests.xctest"
               BlueprintName = "notification-extension-tests"
               ReferencedContainer = "container:swift-sdk.xcodeproj">
            </BuildableReference>
         </TestableReference>
         <TestableReference
            skipped = "NO">
            <BuildableReference
               BuildableIdentifier = "primary"
               BlueprintIdentifier = "ACDA976B23159C39004C412E"
               BuildableName = "inbox-ui-tests.xctest"
               BlueprintName = "inbox-ui-tests"
               ReferencedContainer = "container:swift-sdk.xcodeproj">
            </BuildableReference>
         </TestableReference>
         <TestableReference
            skipped = "NO">
            <BuildableReference
               BuildableIdentifier = "primary"
               BlueprintIdentifier = "ACFD5AB724C8200C008E497A"
               BuildableName = "offline-events-tests.xctest"
               BlueprintName = "offline-events-tests"
               ReferencedContainer = "container:swift-sdk.xcodeproj">
            </BuildableReference>
            <SkippedTests>
               <Test
                  Identifier = "NetworkConnectivityManagerTests/testConnectivityChange()">
               </Test>
               <Test
                  Identifier = "NetworkConnectivityManagerTests/testPollingNetworkMonitor()">
               </Test>
               <Test
                  Identifier = "RequestHandlerTests/testFeatureFlagTurnOnOfflineMode()">
               </Test>
               <Test
                  Identifier = "TaskRunnerTests/testResumeWhenNetworkIsBackOnline()">
               </Test>
            </SkippedTests>
         </TestableReference>
      </Testables>
   </TestAction>
   <LaunchAction
      buildConfiguration = "Debug"
      selectedDebuggerIdentifier = "Xcode.DebuggerFoundation.Debugger.LLDB"
      selectedLauncherIdentifier = "Xcode.DebuggerFoundation.Launcher.LLDB"
      launchStyle = "0"
      useCustomWorkingDirectory = "NO"
      ignoresPersistentStateOnLaunch = "NO"
      debugDocumentVersioning = "YES"
      debugServiceExtension = "internal"
      allowLocationSimulation = "YES">
      <BuildableProductRunnable
         runnableDebuggingMode = "0">
         <BuildableReference
            BuildableIdentifier = "primary"
            BlueprintIdentifier = "ACF560D220E443BF000AAC23"
            BuildableName = "host-app.app"
            BlueprintName = "host-app"
            ReferencedContainer = "container:swift-sdk.xcodeproj">
         </BuildableReference>
      </BuildableProductRunnable>
      <CommandLineArguments>
         <CommandLineArgument
            argument = "-com.apple.CoreData.ConcurrencyDebug 1"
            isEnabled = "YES">
         </CommandLineArgument>
      </CommandLineArguments>
   </LaunchAction>
   <ProfileAction
      buildConfiguration = "Release"
      shouldUseLaunchSchemeArgsEnv = "YES"
      savedToolIdentifier = ""
      useCustomWorkingDirectory = "NO"
      debugDocumentVersioning = "YES">
      <BuildableProductRunnable
         runnableDebuggingMode = "0">
         <BuildableReference
            BuildableIdentifier = "primary"
            BlueprintIdentifier = "ACF560D220E443BF000AAC23"
            BuildableName = "host-app.app"
            BlueprintName = "host-app"
            ReferencedContainer = "container:swift-sdk.xcodeproj">
         </BuildableReference>
      </BuildableProductRunnable>
   </ProfileAction>
   <AnalyzeAction
      buildConfiguration = "Debug">
   </AnalyzeAction>
   <ArchiveAction
      buildConfiguration = "Release"
      revealArchiveInOrganizer = "YES">
   </ArchiveAction>
</Scheme>
