// !$*UTF8*$!
{
	archiveVersion = 1;
	classes = {
	};
	objectVersion = 70;
	objects = {

/* Begin PBXBuildFile section */
		8A24D33A2E44F30600B53850 /* IterableAppExtensions in Frameworks */ = {isa = PBXBuildFile; productRef = 8A24D3392E44F30600B53850 /* IterableAppExtensions */; };
		8A24D33C2E44F30600B53850 /* IterableSDK in Frameworks */ = {isa = PBXBuildFile; productRef = 8A24D33B2E44F30600B53850 /* IterableSDK */; };
		8A8CA9A82E5333C600BF3385 /* test-config.json in Resources */ = {isa = PBXBuildFile; fileRef = 8A8CA9A62E5333C600BF3385 /* test-config.json */; };
		8A8CA9A92E53432200BF3385 /* test-config.json in Resources */ = {isa = PBXBuildFile; fileRef = 8A8CA9A62E5333C600BF3385 /* test-config.json */; };
		8AB716912E311CA0004AAB74 /* IterableAppExtensions in Frameworks */ = {isa = PBXBuildFile; productRef = 8AB716902E311CA0004AAB74 /* IterableAppExtensions */; };
		8AB716932E311CA0004AAB74 /* IterableSDK in Frameworks */ = {isa = PBXBuildFile; productRef = 8AB716922E311CA0004AAB74 /* IterableSDK */; };
		8ACF13C22F44BFCD00B04B6C /* (null) in Frameworks */ = {isa = PBXBuildFile; };
		8ACF13C32F44BFCD00B04B6C /* (null) in Frameworks */ = {isa = PBXBuildFile; };
		8ACF13C42F44BFCD00B04B6C /* IterableAppExtensions in Frameworks */ = {isa = PBXBuildFile; productRef = 8A24D3392E44F30600B53850 /* IterableAppExtensions */; };
		8ACF13C52F44BFCD00B04B6C /* IterableSDK in Frameworks */ = {isa = PBXBuildFile; productRef = 8A24D33B2E44F30600B53850 /* IterableSDK */; };
/* End PBXBuildFile section */

/* Begin PBXContainerItemProxy section */
		8AB716332E3119A3004AAB74 /* PBXContainerItemProxy */ = {
			isa = PBXContainerItemProxy;
			containerPortal = 8AB7160A2E3119A3004AAB74 /* Project object */;
			proxyType = 1;
			remoteGlobalIDString = 8AB716112E3119A3004AAB74;
			remoteInfo = "IterableSDK-Integration-Tester";
		};
/* End PBXContainerItemProxy section */

/* Begin PBXFileReference section */
		8A8CA9A62E5333C600BF3385 /* test-config.json */ = {isa = PBXFileReference; lastKnownFileType = text.json; path = "test-config.json"; sourceTree = "<group>"; };
		8AB716122E3119A3004AAB74 /* IterableSDK-Integration-Tester.app */ = {isa = PBXFileReference; explicitFileType = wrapper.application; includeInIndex = 0; path = "IterableSDK-Integration-Tester.app"; sourceTree = BUILT_PRODUCTS_DIR; };
		8AB716322E3119A3004AAB74 /* IterableSDK-Integration-TesterUITests.xctest */ = {isa = PBXFileReference; explicitFileType = wrapper.cfbundle; includeInIndex = 0; path = "IterableSDK-Integration-TesterUITests.xctest"; sourceTree = BUILT_PRODUCTS_DIR; };
/* End PBXFileReference section */

/* Begin PBXFileSystemSynchronizedBuildFileExceptionSet section */
		8A24D3B12E4508F400B53850 /* PBXFileSystemSynchronizedBuildFileExceptionSet */ = {
			isa = PBXFileSystemSynchronizedBuildFileExceptionSet;
			membershipExceptions = (
				Tests/DeepLinkingIntegrationTests.swift,
				Tests/EmbeddedMessageIntegrationTests.swift,
				Tests/InAppMessageIntegrationTests.swift,
				Tests/IntegrationTestBase.swift,
				Tests/PushNotificationIntegrationTests.swift,
				Tests/Utilities/CampaignManager.swift,
				Tests/Utilities/DeepLinkHelpers.swift,
				Tests/Utilities/IterableAPIClient.swift,
				Tests/Utilities/MetricsValidator.swift,
				Tests/Utilities/MockDelegates.swift,
				Tests/Utilities/PushNotificationSender.swift,
				Tests/Utilities/ScreenshotCapture.swift,
			);
			target = 8AB716312E3119A3004AAB74 /* IterableSDK-Integration-TesterUITests */;
		};
		8AB7168E2E311A8D004AAB74 /* PBXFileSystemSynchronizedBuildFileExceptionSet */ = {
			isa = PBXFileSystemSynchronizedBuildFileExceptionSet;
			membershipExceptions = (
				SupportingFiles/Info.plist,
				Tests/DeepLinkingIntegrationTests.swift,
				Tests/EmbeddedMessageIntegrationTests.swift,
				Tests/InAppMessageIntegrationTests.swift,
				Tests/Incomplete/DeepLinkingIntegrationTests.swift,
				Tests/IntegrationTestBase.swift,
				Tests/PushNotificationIntegrationTests.swift,
				Tests/Utilities/CampaignManager.swift,
				Tests/Utilities/DeepLinkHelpers.swift,
				Tests/Utilities/IterableAPIClient.swift,
				Tests/Utilities/MetricsValidator.swift,
				Tests/Utilities/MockDelegates.swift,
				Tests/Utilities/PushNotificationSender.swift,
				Tests/Utilities/ScreenshotCapture.swift,
			);
			target = 8AB716112E3119A3004AAB74 /* IterableSDK-Integration-Tester */;
		};
/* End PBXFileSystemSynchronizedBuildFileExceptionSet section */

/* Begin PBXFileSystemSynchronizedRootGroup section */
		8AB716142E3119A3004AAB74 /* IterableSDK-Integration-Tester */ = {isa = PBXFileSystemSynchronizedRootGroup; exceptions = (8AB7168E2E311A8D004AAB74 /* PBXFileSystemSynchronizedBuildFileExceptionSet */, 8A24D3B12E4508F400B53850 /* PBXFileSystemSynchronizedBuildFileExceptionSet */, ); explicitFileTypes = {}; explicitFolders = (); path = "IterableSDK-Integration-Tester"; sourceTree = "<group>"; };
		8AB716352E3119A3004AAB74 /* IterableSDK-Integration-TesterUITests */ = {isa = PBXFileSystemSynchronizedRootGroup; explicitFileTypes = {}; explicitFolders = (); path = "IterableSDK-Integration-TesterUITests"; sourceTree = "<group>"; };
/* End PBXFileSystemSynchronizedRootGroup section */

/* Begin PBXFrameworksBuildPhase section */
		8AB7160F2E3119A3004AAB74 /* Frameworks */ = {
			isa = PBXFrameworksBuildPhase;
			buildActionMask = 2147483647;
			files = (
				8A24D33A2E44F30600B53850 /* IterableAppExtensions in Frameworks */,
				8A24D33C2E44F30600B53850 /* IterableSDK in Frameworks */,
				8AB716912E311CA0004AAB74 /* IterableAppExtensions in Frameworks */,
				8AB716932E311CA0004AAB74 /* IterableSDK in Frameworks */,
			);
			runOnlyForDeploymentPostprocessing = 0;
		};
		8AB7162F2E3119A3004AAB74 /* Frameworks */ = {
			isa = PBXFrameworksBuildPhase;
			buildActionMask = 2147483647;
			files = (
				8ACF13C42F44BFCD00B04B6C /* IterableAppExtensions in Frameworks */,
				8ACF13C52F44BFCD00B04B6C /* IterableSDK in Frameworks */,
				8ACF13C22F44BFCD00B04B6C /* (null) in Frameworks */,
				8ACF13C32F44BFCD00B04B6C /* (null) in Frameworks */,
			);
			runOnlyForDeploymentPostprocessing = 0;
		};
/* End PBXFrameworksBuildPhase section */

/* Begin PBXGroup section */
		8A8CA9A72E5333C600BF3385 /* config */ = {
			isa = PBXGroup;
			children = (
				8A8CA9A62E5333C600BF3385 /* test-config.json */,
			);
			path = config;
			sourceTree = "<group>";
		};
		8AB716092E3119A3004AAB74 = {
			isa = PBXGroup;
			children = (
				8A8CA9A72E5333C600BF3385 /* config */,
				8AB716142E3119A3004AAB74 /* IterableSDK-Integration-Tester */,
				8AB716352E3119A3004AAB74 /* IterableSDK-Integration-TesterUITests */,
				8AB716132E3119A3004AAB74 /* Products */,
			);
			sourceTree = "<group>";
		};
		8AB716132E3119A3004AAB74 /* Products */ = {
			isa = PBXGroup;
			children = (
				8AB716122E3119A3004AAB74 /* IterableSDK-Integration-Tester.app */,
				8AB716322E3119A3004AAB74 /* IterableSDK-Integration-TesterUITests.xctest */,
			);
			name = Products;
			sourceTree = "<group>";
		};
/* End PBXGroup section */

/* Begin PBXNativeTarget section */
		8AB716112E3119A3004AAB74 /* IterableSDK-Integration-Tester */ = {
			isa = PBXNativeTarget;
			buildConfigurationList = 8AB7163B2E3119A4004AAB74 /* Build configuration list for PBXNativeTarget "IterableSDK-Integration-Tester" */;
			buildPhases = (
				8AB7160E2E3119A3004AAB74 /* Sources */,
				8AB7160F2E3119A3004AAB74 /* Frameworks */,
				8AB716102E3119A3004AAB74 /* Resources */,
			);
			buildRules = (
			);
			dependencies = (
			);
			fileSystemSynchronizedGroups = (
				8AB716142E3119A3004AAB74 /* IterableSDK-Integration-Tester */,
			);
			name = "IterableSDK-Integration-Tester";
			packageProductDependencies = (
				8AB716902E311CA0004AAB74 /* IterableAppExtensions */,
				8AB716922E311CA0004AAB74 /* IterableSDK */,
				8A24D3392E44F30600B53850 /* IterableAppExtensions */,
				8A24D33B2E44F30600B53850 /* IterableSDK */,
			);
			productName = "IterableSDK-Integration-Tester";
			productReference = 8AB716122E3119A3004AAB74 /* IterableSDK-Integration-Tester.app */;
			productType = "com.apple.product-type.application";
		};
		8AB716312E3119A3004AAB74 /* IterableSDK-Integration-TesterUITests */ = {
			isa = PBXNativeTarget;
			buildConfigurationList = 8AB716432E3119A4004AAB74 /* Build configuration list for PBXNativeTarget "IterableSDK-Integration-TesterUITests" */;
			buildPhases = (
				8AB7162E2E3119A3004AAB74 /* Sources */,
				8AB7162F2E3119A3004AAB74 /* Frameworks */,
				8AB716302E3119A3004AAB74 /* Resources */,
			);
			buildRules = (
			);
			dependencies = (
				8AB716342E3119A3004AAB74 /* PBXTargetDependency */,
			);
			fileSystemSynchronizedGroups = (
				8AB716352E3119A3004AAB74 /* IterableSDK-Integration-TesterUITests */,
			);
			name = "IterableSDK-Integration-TesterUITests";
			packageProductDependencies = (
				8A24D3392E44F30600B53850 /* IterableAppExtensions */,
				8A24D33B2E44F30600B53850 /* IterableSDK */,
			);
			productName = "IterableSDK-Integration-TesterUITests";
			productReference = 8AB716322E3119A3004AAB74 /* IterableSDK-Integration-TesterUITests.xctest */;
			productType = "com.apple.product-type.bundle.ui-testing";
		};
/* End PBXNativeTarget section */

/* Begin PBXProject section */
		8AB7160A2E3119A3004AAB74 /* Project object */ = {
			isa = PBXProject;
			attributes = {
				BuildIndependentTargetsInParallel = 1;
				LastSwiftUpdateCheck = 1620;
				LastUpgradeCheck = 1620;
				TargetAttributes = {
					8AB716112E3119A3004AAB74 = {
						CreatedOnToolsVersion = 16.2;
					};
					8AB716312E3119A3004AAB74 = {
						CreatedOnToolsVersion = 16.2;
						TestTargetID = 8AB716112E3119A3004AAB74;
					};
				};
			};
			buildConfigurationList = 8AB7160D2E3119A3004AAB74 /* Build configuration list for PBXProject "IterableSDK-Integration-Tester" */;
			compatibilityVersion = "Xcode 14.0";
			developmentRegion = en;
			hasScannedForEncodings = 0;
			knownRegions = (
				en,
				Base,
			);
			mainGroup = 8AB716092E3119A3004AAB74;
			minimizedProjectReferenceProxies = 1;
			packageReferences = (
				8A24D3382E44F30600B53850 /* XCLocalSwiftPackageReference "../../../" */,
			);
			productRefGroup = 8AB716132E3119A3004AAB74 /* Products */;
			projectDirPath = "";
			projectRoot = "";
			targets = (
				8AB716112E3119A3004AAB74 /* IterableSDK-Integration-Tester */,
				8AB716312E3119A3004AAB74 /* IterableSDK-Integration-TesterUITests */,
			);
		};
/* End PBXProject section */

/* Begin PBXResourcesBuildPhase section */
		8AB716102E3119A3004AAB74 /* Resources */ = {
			isa = PBXResourcesBuildPhase;
			buildActionMask = 2147483647;
			files = (
				8A8CA9A82E5333C600BF3385 /* test-config.json in Resources */,
			);
			runOnlyForDeploymentPostprocessing = 0;
		};
		8AB716302E3119A3004AAB74 /* Resources */ = {
			isa = PBXResourcesBuildPhase;
			buildActionMask = 2147483647;
			files = (
				8A8CA9A92E53432200BF3385 /* test-config.json in Resources */,
			);
			runOnlyForDeploymentPostprocessing = 0;
		};
/* End PBXResourcesBuildPhase section */

/* Begin PBXSourcesBuildPhase section */
		8AB7160E2E3119A3004AAB74 /* Sources */ = {
			isa = PBXSourcesBuildPhase;
			buildActionMask = 2147483647;
			files = (
			);
			runOnlyForDeploymentPostprocessing = 0;
		};
		8AB7162E2E3119A3004AAB74 /* Sources */ = {
			isa = PBXSourcesBuildPhase;
			buildActionMask = 2147483647;
			files = (
			);
			runOnlyForDeploymentPostprocessing = 0;
		};
/* End PBXSourcesBuildPhase section */

/* Begin PBXTargetDependency section */
		8AB716342E3119A3004AAB74 /* PBXTargetDependency */ = {
			isa = PBXTargetDependency;
			target = 8AB716112E3119A3004AAB74 /* IterableSDK-Integration-Tester */;
			targetProxy = 8AB716332E3119A3004AAB74 /* PBXContainerItemProxy */;
		};
/* End PBXTargetDependency section */

/* Begin XCBuildConfiguration section */
		8AB7163C2E3119A4004AAB74 /* Debug */ = {
			isa = XCBuildConfiguration;
			buildSettings = {
				ASSETCATALOG_COMPILER_APPICON_NAME = AppIcon;
				ASSETCATALOG_COMPILER_GLOBAL_ACCENT_COLOR_NAME = AccentColor;
				CODE_SIGN_ENTITLEMENTS = "IterableSDK-Integration-Tester/SupportingFiles/iterablesdk-integration-tester.entitlements";
				CODE_SIGN_STYLE = Automatic;
				CURRENT_PROJECT_VERSION = 1;
				DEVELOPMENT_TEAM = BP98Z28R86;
				GENERATE_INFOPLIST_FILE = YES;
				INFOPLIST_FILE = "IterableSDK-Integration-Tester/SupportingFiles/Info.plist";
				INFOPLIST_KEY_UIApplicationSupportsIndirectInputEvents = YES;
				INFOPLIST_KEY_UILaunchStoryboardName = LaunchScreen;
				INFOPLIST_KEY_UISupportedInterfaceOrientations_iPad = "UIInterfaceOrientationPortrait UIInterfaceOrientationPortraitUpsideDown UIInterfaceOrientationLandscapeLeft UIInterfaceOrientationLandscapeRight";
				INFOPLIST_KEY_UISupportedInterfaceOrientations_iPhone = "UIInterfaceOrientationPortrait UIInterfaceOrientationLandscapeLeft UIInterfaceOrientationLandscapeRight";
				LD_RUNPATH_SEARCH_PATHS = (
					"$(inherited)",
					"@executable_path/Frameworks",
				);
				MARKETING_VERSION = 1.0;
				PRODUCT_BUNDLE_IDENTIFIER = "com.sumeru.IterableSDK-Integration-Tester";
				PRODUCT_NAME = "$(TARGET_NAME)";
				SWIFT_EMIT_LOC_STRINGS = YES;
				SWIFT_VERSION = 5.0;
				TARGETED_DEVICE_FAMILY = "1,2";
			};
			name = Debug;
		};
		8AB7163D2E3119A4004AAB74 /* Release */ = {
			isa = XCBuildConfiguration;
			buildSettings = {
				ASSETCATALOG_COMPILER_APPICON_NAME = AppIcon;
				ASSETCATALOG_COMPILER_GLOBAL_ACCENT_COLOR_NAME = AccentColor;
				CODE_SIGN_ENTITLEMENTS = "IterableSDK-Integration-Tester/SupportingFiles/iterablesdk-integration-tester.entitlements";
				CODE_SIGN_STYLE = Automatic;
				CURRENT_PROJECT_VERSION = 1;
				DEVELOPMENT_TEAM = BP98Z28R86;
				GENERATE_INFOPLIST_FILE = YES;
				INFOPLIST_FILE = "IterableSDK-Integration-Tester/SupportingFiles/Info.plist";
				INFOPLIST_KEY_UIApplicationSupportsIndirectInputEvents = YES;
				INFOPLIST_KEY_UILaunchStoryboardName = LaunchScreen;
				INFOPLIST_KEY_UISupportedInterfaceOrientations_iPad = "UIInterfaceOrientationPortrait UIInterfaceOrientationPortraitUpsideDown UIInterfaceOrientationLandscapeLeft UIInterfaceOrientationLandscapeRight";
				INFOPLIST_KEY_UISupportedInterfaceOrientations_iPhone = "UIInterfaceOrientationPortrait UIInterfaceOrientationLandscapeLeft UIInterfaceOrientationLandscapeRight";
				LD_RUNPATH_SEARCH_PATHS = (
					"$(inherited)",
					"@executable_path/Frameworks",
				);
				MARKETING_VERSION = 1.0;
				PRODUCT_BUNDLE_IDENTIFIER = "com.sumeru.IterableSDK-Integration-Tester";
				PRODUCT_NAME = "$(TARGET_NAME)";
				SWIFT_EMIT_LOC_STRINGS = YES;
				SWIFT_VERSION = 5.0;
				TARGETED_DEVICE_FAMILY = "1,2";
			};
			name = Release;
		};
		8AB7163E2E3119A4004AAB74 /* Debug */ = {
			isa = XCBuildConfiguration;
			buildSettings = {
				ALWAYS_SEARCH_USER_PATHS = NO;
				ASSETCATALOG_COMPILER_GENERATE_SWIFT_ASSET_SYMBOL_EXTENSIONS = YES;
				CLANG_ANALYZER_NONNULL = YES;
				CLANG_ANALYZER_NUMBER_OBJECT_CONVERSION = YES_AGGRESSIVE;
				CLANG_CXX_LANGUAGE_STANDARD = "gnu++20";
				CLANG_ENABLE_MODULES = YES;
				CLANG_ENABLE_OBJC_ARC = YES;
				CLANG_ENABLE_OBJC_WEAK = YES;
				CLANG_WARN_BLOCK_CAPTURE_AUTORELEASING = YES;
				CLANG_WARN_BOOL_CONVERSION = YES;
				CLANG_WARN_COMMA = YES;
				CLANG_WARN_CONSTANT_CONVERSION = YES;
				CLANG_WARN_DEPRECATED_OBJC_IMPLEMENTATIONS = YES;
				CLANG_WARN_DIRECT_OBJC_ISA_USAGE = YES_ERROR;
				CLANG_WARN_DOCUMENTATION_COMMENTS = YES;
				CLANG_WARN_EMPTY_BODY = YES;
				CLANG_WARN_ENUM_CONVERSION = YES;
				CLANG_WARN_INFINITE_RECURSION = YES;
				CLANG_WARN_INT_CONVERSION = YES;
				CLANG_WARN_NON_LITERAL_NULL_CONVERSION = YES;
				CLANG_WARN_OBJC_IMPLICIT_RETAIN_SELF = YES;
				CLANG_WARN_OBJC_LITERAL_CONVERSION = YES;
				CLANG_WARN_OBJC_ROOT_CLASS = YES_ERROR;
				CLANG_WARN_QUOTED_INCLUDE_IN_FRAMEWORK_HEADER = YES;
				CLANG_WARN_RANGE_LOOP_ANALYSIS = YES;
				CLANG_WARN_STRICT_PROTOTYPES = YES;
				CLANG_WARN_SUSPICIOUS_MOVE = YES;
				CLANG_WARN_UNGUARDED_AVAILABILITY = YES_AGGRESSIVE;
				CLANG_WARN_UNREACHABLE_CODE = YES;
				CLANG_WARN__DUPLICATE_METHOD_MATCH = YES;
				COPY_PHASE_STRIP = NO;
				DEBUG_INFORMATION_FORMAT = dwarf;
				ENABLE_STRICT_OBJC_MSGSEND = YES;
				ENABLE_TESTABILITY = YES;
				ENABLE_USER_SCRIPT_SANDBOXING = YES;
				GCC_C_LANGUAGE_STANDARD = gnu17;
				GCC_DYNAMIC_NO_PIC = NO;
				GCC_NO_COMMON_BLOCKS = YES;
				GCC_OPTIMIZATION_LEVEL = 0;
				GCC_PREPROCESSOR_DEFINITIONS = (
					"DEBUG=1",
					"$(inherited)",
				);
				GCC_WARN_64_TO_32_BIT_CONVERSION = YES;
				GCC_WARN_ABOUT_RETURN_TYPE = YES_ERROR;
				GCC_WARN_UNDECLARED_SELECTOR = YES;
				GCC_WARN_UNINITIALIZED_AUTOS = YES_AGGRESSIVE;
				GCC_WARN_UNUSED_FUNCTION = YES;
				GCC_WARN_UNUSED_VARIABLE = YES;
				IPHONEOS_DEPLOYMENT_TARGET = 18.2;
				LOCALIZATION_PREFERS_STRING_CATALOGS = YES;
				MTL_ENABLE_DEBUG_INFO = INCLUDE_SOURCE;
				MTL_FAST_MATH = YES;
				ONLY_ACTIVE_ARCH = YES;
				SDKROOT = iphoneos;
				SWIFT_ACTIVE_COMPILATION_CONDITIONS = "DEBUG $(inherited)";
				SWIFT_OPTIMIZATION_LEVEL = "-Onone";
			};
			name = Debug;
		};
		8AB7163F2E3119A4004AAB74 /* Release */ = {
			isa = XCBuildConfiguration;
			buildSettings = {
				ALWAYS_SEARCH_USER_PATHS = NO;
				ASSETCATALOG_COMPILER_GENERATE_SWIFT_ASSET_SYMBOL_EXTENSIONS = YES;
				CLANG_ANALYZER_NONNULL = YES;
				CLANG_ANALYZER_NUMBER_OBJECT_CONVERSION = YES_AGGRESSIVE;
				CLANG_CXX_LANGUAGE_STANDARD = "gnu++20";
				CLANG_ENABLE_MODULES = YES;
				CLANG_ENABLE_OBJC_ARC = YES;
				CLANG_ENABLE_OBJC_WEAK = YES;
				CLANG_WARN_BLOCK_CAPTURE_AUTORELEASING = YES;
				CLANG_WARN_BOOL_CONVERSION = YES;
				CLANG_WARN_COMMA = YES;
				CLANG_WARN_CONSTANT_CONVERSION = YES;
				CLANG_WARN_DEPRECATED_OBJC_IMPLEMENTATIONS = YES;
				CLANG_WARN_DIRECT_OBJC_ISA_USAGE = YES_ERROR;
				CLANG_WARN_DOCUMENTATION_COMMENTS = YES;
				CLANG_WARN_EMPTY_BODY = YES;
				CLANG_WARN_ENUM_CONVERSION = YES;
				CLANG_WARN_INFINITE_RECURSION = YES;
				CLANG_WARN_INT_CONVERSION = YES;
				CLANG_WARN_NON_LITERAL_NULL_CONVERSION = YES;
				CLANG_WARN_OBJC_IMPLICIT_RETAIN_SELF = YES;
				CLANG_WARN_OBJC_LITERAL_CONVERSION = YES;
				CLANG_WARN_OBJC_ROOT_CLASS = YES_ERROR;
				CLANG_WARN_QUOTED_INCLUDE_IN_FRAMEWORK_HEADER = YES;
				CLANG_WARN_RANGE_LOOP_ANALYSIS = YES;
				CLANG_WARN_STRICT_PROTOTYPES = YES;
				CLANG_WARN_SUSPICIOUS_MOVE = YES;
				CLANG_WARN_UNGUARDED_AVAILABILITY = YES_AGGRESSIVE;
				CLANG_WARN_UNREACHABLE_CODE = YES;
				CLANG_WARN__DUPLICATE_METHOD_MATCH = YES;
				COPY_PHASE_STRIP = NO;
				DEBUG_INFORMATION_FORMAT = "dwarf-with-dsym";
				ENABLE_NS_ASSERTIONS = NO;
				ENABLE_STRICT_OBJC_MSGSEND = YES;
				ENABLE_USER_SCRIPT_SANDBOXING = YES;
				GCC_C_LANGUAGE_STANDARD = gnu17;
				GCC_NO_COMMON_BLOCKS = YES;
				GCC_WARN_64_TO_32_BIT_CONVERSION = YES;
				GCC_WARN_ABOUT_RETURN_TYPE = YES_ERROR;
				GCC_WARN_UNDECLARED_SELECTOR = YES;
				GCC_WARN_UNINITIALIZED_AUTOS = YES_AGGRESSIVE;
				GCC_WARN_UNUSED_FUNCTION = YES;
				GCC_WARN_UNUSED_VARIABLE = YES;
				IPHONEOS_DEPLOYMENT_TARGET = 18.2;
				LOCALIZATION_PREFERS_STRING_CATALOGS = YES;
				MTL_ENABLE_DEBUG_INFO = NO;
				MTL_FAST_MATH = YES;
				SDKROOT = iphoneos;
				SWIFT_COMPILATION_MODE = wholemodule;
				VALIDATE_PRODUCT = YES;
			};
			name = Release;
		};
		8AB716442E3119A4004AAB74 /* Debug */ = {
			isa = XCBuildConfiguration;
			buildSettings = {
				CODE_SIGN_STYLE = Automatic;
				CURRENT_PROJECT_VERSION = 1;
				GENERATE_INFOPLIST_FILE = YES;
				MARKETING_VERSION = 1.0;
				PRODUCT_BUNDLE_IDENTIFIER = "com.sumeru.IterableSDK-Integration-TesterUITests";
				PRODUCT_NAME = "$(TARGET_NAME)";
				SWIFT_EMIT_LOC_STRINGS = NO;
				SWIFT_VERSION = 5.0;
				TARGETED_DEVICE_FAMILY = "1,2";
				TEST_TARGET_NAME = "IterableSDK-Integration-Tester";
			};
			name = Debug;
		};
		8AB716452E3119A4004AAB74 /* Release */ = {
			isa = XCBuildConfiguration;
			buildSettings = {
				CODE_SIGN_STYLE = Automatic;
				CURRENT_PROJECT_VERSION = 1;
				GENERATE_INFOPLIST_FILE = YES;
				MARKETING_VERSION = 1.0;
				PRODUCT_BUNDLE_IDENTIFIER = "com.sumeru.IterableSDK-Integration-TesterUITests";
				PRODUCT_NAME = "$(TARGET_NAME)";
				SWIFT_EMIT_LOC_STRINGS = NO;
				SWIFT_VERSION = 5.0;
				TARGETED_DEVICE_FAMILY = "1,2";
				TEST_TARGET_NAME = "IterableSDK-Integration-Tester";
			};
			name = Release;
		};
/* End XCBuildConfiguration section */

/* Begin XCConfigurationList section */
		8AB7160D2E3119A3004AAB74 /* Build configuration list for PBXProject "IterableSDK-Integration-Tester" */ = {
			isa = XCConfigurationList;
			buildConfigurations = (
				8AB7163E2E3119A4004AAB74 /* Debug */,
				8AB7163F2E3119A4004AAB74 /* Release */,
			);
			defaultConfigurationIsVisible = 0;
			defaultConfigurationName = Release;
		};
		8AB7163B2E3119A4004AAB74 /* Build configuration list for PBXNativeTarget "IterableSDK-Integration-Tester" */ = {
			isa = XCConfigurationList;
			buildConfigurations = (
				8AB7163C2E3119A4004AAB74 /* Debug */,
				8AB7163D2E3119A4004AAB74 /* Release */,
			);
			defaultConfigurationIsVisible = 0;
			defaultConfigurationName = Release;
		};
		8AB716432E3119A4004AAB74 /* Build configuration list for PBXNativeTarget "IterableSDK-Integration-TesterUITests" */ = {
			isa = XCConfigurationList;
			buildConfigurations = (
				8AB716442E3119A4004AAB74 /* Debug */,
				8AB716452E3119A4004AAB74 /* Release */,
			);
			defaultConfigurationIsVisible = 0;
			defaultConfigurationName = Release;
		};
/* End XCConfigurationList section */

/* Begin XCLocalSwiftPackageReference section */
		8A24D3382E44F30600B53850 /* XCLocalSwiftPackageReference "../../../" */ = {
			isa = XCLocalSwiftPackageReference;
			relativePath = ../../../;
		};
/* End XCLocalSwiftPackageReference section */

/* Begin XCSwiftPackageProductDependency section */
		8A24D3392E44F30600B53850 /* IterableAppExtensions */ = {
			isa = XCSwiftPackageProductDependency;
			productName = IterableAppExtensions;
		};
		8A24D33B2E44F30600B53850 /* IterableSDK */ = {
			isa = XCSwiftPackageProductDependency;
			productName = IterableSDK;
		};
		8AB716902E311CA0004AAB74 /* IterableAppExtensions */ = {
			isa = XCSwiftPackageProductDependency;
			productName = IterableAppExtensions;
		};
		8AB716922E311CA0004AAB74 /* IterableSDK */ = {
			isa = XCSwiftPackageProductDependency;
			productName = IterableSDK;
		};
/* End XCSwiftPackageProductDependency section */
	};
	rootObject = 8AB7160A2E3119A3004AAB74 /* Project object */;
}
