// !$*UTF8*$!
{
	archiveVersion = 1;
	classes = {
	};
	objectVersion = 52;
	objects = {

/* Begin PBXBuildFile section */
		AC98362123CE1F88003B225B /* MockInAppFetcher.swift in Sources */ = {isa = PBXBuildFile; fileRef = AC98362023CE1F88003B225B /* MockInAppFetcher.swift */; };
		ACC55E0223CD7DB600CE77C6 /* AppDelegate.swift in Sources */ = {isa = PBXBuildFile; fileRef = ACC55E0123CD7DB600CE77C6 /* AppDelegate.swift */; };
		ACC55E0623CD7DB600CE77C6 /* ViewController.swift in Sources */ = {isa = PBXBuildFile; fileRef = ACC55E0523CD7DB600CE77C6 /* ViewController.swift */; };
		ACC55E0923CD7DB600CE77C6 /* Main.storyboard in Resources */ = {isa = PBXBuildFile; fileRef = ACC55E0723CD7DB600CE77C6 /* Main.storyboard */; };
		ACC55E0B23CD7DBA00CE77C6 /* Assets.xcassets in Resources */ = {isa = PBXBuildFile; fileRef = ACC55E0A23CD7DBA00CE77C6 /* Assets.xcassets */; };
		ACC55E0E23CD7DBA00CE77C6 /* LaunchScreen.storyboard in Resources */ = {isa = PBXBuildFile; fileRef = ACC55E0C23CD7DBA00CE77C6 /* LaunchScreen.storyboard */; };
		ACC55E1D23CD871E00CE77C6 /* IterableSDK in Frameworks */ = {isa = PBXBuildFile; productRef = ACC55E1C23CD871E00CE77C6 /* IterableSDK */; };
		ACC55E2023CE1B5900CE77C6 /* DataManager.swift in Sources */ = {isa = PBXBuildFile; fileRef = ACC55E1F23CE1B5900CE77C6 /* DataManager.swift */; };
		ACC55E2323CE1C4600CE77C6 /* MockNetworkSession.swift in Sources */ = {isa = PBXBuildFile; fileRef = ACC55E2223CE1C4600CE77C6 /* MockNetworkSession.swift */; };
		ACE78E3423CF990200492D03 /* mocha.png in Resources */ = {isa = PBXBuildFile; fileRef = ACE78E3323CF990200492D03 /* mocha.png */; };
		ACE78E3A23D0288400492D03 /* inbox-messages-2.json in Resources */ = {isa = PBXBuildFile; fileRef = ACE78E3723D0288400492D03 /* inbox-messages-2.json */; };
		ACE78E3B23D0288400492D03 /* inbox-messages-3.json in Resources */ = {isa = PBXBuildFile; fileRef = ACE78E3823D0288400492D03 /* inbox-messages-3.json */; };
		ACE78E3C23D0288400492D03 /* inbox-messages-1.json in Resources */ = {isa = PBXBuildFile; fileRef = ACE78E3923D0288400492D03 /* inbox-messages-1.json */; };
		ACE78E3F23D0306300492D03 /* SimpleInbox.storyboard in Resources */ = {isa = PBXBuildFile; fileRef = ACE78E3E23D0306300492D03 /* SimpleInbox.storyboard */; };
		ACE78E4223D036C500492D03 /* CustomInbox1.storyboard in Resources */ = {isa = PBXBuildFile; fileRef = ACE78E4123D036C500492D03 /* CustomInbox1.storyboard */; };
		ACE78E4423D036ED00492D03 /* CustomInboxCell1.xib in Resources */ = {isa = PBXBuildFile; fileRef = ACE78E4323D036ED00492D03 /* CustomInboxCell1.xib */; };
/* End PBXBuildFile section */

/* Begin PBXFileReference section */
		AC98362023CE1F88003B225B /* MockInAppFetcher.swift */ = {isa = PBXFileReference; lastKnownFileType = sourcecode.swift; path = MockInAppFetcher.swift; sourceTree = "<group>"; };
		ACC55DFE23CD7DB600CE77C6 /* inbox-customization.app */ = {isa = PBXFileReference; explicitFileType = wrapper.application; includeInIndex = 0; path = "inbox-customization.app"; sourceTree = BUILT_PRODUCTS_DIR; };
		ACC55E0123CD7DB600CE77C6 /* AppDelegate.swift */ = {isa = PBXFileReference; lastKnownFileType = sourcecode.swift; path = AppDelegate.swift; sourceTree = "<group>"; };
		ACC55E0523CD7DB600CE77C6 /* ViewController.swift */ = {isa = PBXFileReference; lastKnownFileType = sourcecode.swift; path = ViewController.swift; sourceTree = "<group>"; };
		ACC55E0823CD7DB600CE77C6 /* Base */ = {isa = PBXFileReference; lastKnownFileType = file.storyboard; name = Base; path = Base.lproj/Main.storyboard; sourceTree = "<group>"; };
		ACC55E0A23CD7DBA00CE77C6 /* Assets.xcassets */ = {isa = PBXFileReference; lastKnownFileType = folder.assetcatalog; path = Assets.xcassets; sourceTree = "<group>"; };
		ACC55E0D23CD7DBA00CE77C6 /* Base */ = {isa = PBXFileReference; lastKnownFileType = file.storyboard; name = Base; path = Base.lproj/LaunchScreen.storyboard; sourceTree = "<group>"; };
		ACC55E0F23CD7DBA00CE77C6 /* Info.plist */ = {isa = PBXFileReference; lastKnownFileType = text.plist.xml; path = Info.plist; sourceTree = "<group>"; };
		ACC55E1F23CE1B5900CE77C6 /* DataManager.swift */ = {isa = PBXFileReference; lastKnownFileType = sourcecode.swift; path = DataManager.swift; sourceTree = "<group>"; };
		ACC55E2223CE1C4600CE77C6 /* MockNetworkSession.swift */ = {isa = PBXFileReference; lastKnownFileType = sourcecode.swift; path = MockNetworkSession.swift; sourceTree = "<group>"; };
		ACE78E3323CF990200492D03 /* mocha.png */ = {isa = PBXFileReference; lastKnownFileType = image.png; path = mocha.png; sourceTree = "<group>"; };
		ACE78E3723D0288400492D03 /* inbox-messages-2.json */ = {isa = PBXFileReference; fileEncoding = 4; lastKnownFileType = text.json; path = "inbox-messages-2.json"; sourceTree = "<group>"; };
		ACE78E3823D0288400492D03 /* inbox-messages-3.json */ = {isa = PBXFileReference; fileEncoding = 4; lastKnownFileType = text.json; path = "inbox-messages-3.json"; sourceTree = "<group>"; };
		ACE78E3923D0288400492D03 /* inbox-messages-1.json */ = {isa = PBXFileReference; fileEncoding = 4; lastKnownFileType = text.json; path = "inbox-messages-1.json"; sourceTree = "<group>"; };
		ACE78E3E23D0306300492D03 /* SimpleInbox.storyboard */ = {isa = PBXFileReference; lastKnownFileType = file.storyboard; path = SimpleInbox.storyboard; sourceTree = "<group>"; };
		ACE78E4123D036C500492D03 /* CustomInbox1.storyboard */ = {isa = PBXFileReference; lastKnownFileType = file.storyboard; path = CustomInbox1.storyboard; sourceTree = "<group>"; };
		ACE78E4323D036ED00492D03 /* CustomInboxCell1.xib */ = {isa = PBXFileReference; fileEncoding = 4; lastKnownFileType = file.xib; path = CustomInboxCell1.xib; sourceTree = "<group>"; };
/* End PBXFileReference section */

/* Begin PBXFrameworksBuildPhase section */
		ACC55DFB23CD7DB600CE77C6 /* Frameworks */ = {
			isa = PBXFrameworksBuildPhase;
			buildActionMask = 2147483647;
			files = (
				ACC55E1D23CD871E00CE77C6 /* IterableSDK in Frameworks */,
			);
			runOnlyForDeploymentPostprocessing = 0;
		};
/* End PBXFrameworksBuildPhase section */

/* Begin PBXGroup section */
		ACC55DF523CD7DB600CE77C6 = {
			isa = PBXGroup;
			children = (
				ACC55E0023CD7DB600CE77C6 /* inbox-customization */,
				ACC55DFF23CD7DB600CE77C6 /* Products */,
				ACC55E1B23CD871E00CE77C6 /* Frameworks */,
			);
			sourceTree = "<group>";
		};
		ACC55DFF23CD7DB600CE77C6 /* Products */ = {
			isa = PBXGroup;
			children = (
				ACC55DFE23CD7DB600CE77C6 /* inbox-customization.app */,
			);
			name = Products;
			sourceTree = "<group>";
		};
		ACC55E0023CD7DB600CE77C6 /* inbox-customization */ = {
			isa = PBXGroup;
			children = (
				ACE78E4023D0354800492D03 /* Custom Inbox */,
				ACE78E3D23D02FEF00492D03 /* Simple Inbox */,
				ACC55E2123CE1C2500CE77C6 /* Mock Data */,
				ACC55E0123CD7DB600CE77C6 /* AppDelegate.swift */,
				ACC55E0523CD7DB600CE77C6 /* ViewController.swift */,
				ACC55E0723CD7DB600CE77C6 /* Main.storyboard */,
				ACC55E0C23CD7DBA00CE77C6 /* LaunchScreen.storyboard */,
				ACC55E0A23CD7DBA00CE77C6 /* Assets.xcassets */,
				ACC55E1523CD801E00CE77C6 /* Supporting Files */,
			);
			path = "inbox-customization";
			sourceTree = "<group>";
		};
		ACC55E1523CD801E00CE77C6 /* Supporting Files */ = {
			isa = PBXGroup;
			children = (
				ACC55E0F23CD7DBA00CE77C6 /* Info.plist */,
			);
			name = "Supporting Files";
			sourceTree = "<group>";
		};
		ACC55E1B23CD871E00CE77C6 /* Frameworks */ = {
			isa = PBXGroup;
			children = (
			);
			name = Frameworks;
			sourceTree = "<group>";
		};
		ACC55E2123CE1C2500CE77C6 /* Mock Data */ = {
			isa = PBXGroup;
			children = (
				ACE78E3923D0288400492D03 /* inbox-messages-1.json */,
				ACE78E3723D0288400492D03 /* inbox-messages-2.json */,
				ACE78E3823D0288400492D03 /* inbox-messages-3.json */,
				ACE78E3323CF990200492D03 /* mocha.png */,
				ACC55E1F23CE1B5900CE77C6 /* DataManager.swift */,
				ACC55E2223CE1C4600CE77C6 /* MockNetworkSession.swift */,
				AC98362023CE1F88003B225B /* MockInAppFetcher.swift */,
			);
			path = "Mock Data";
			sourceTree = "<group>";
		};
		ACE78E3D23D02FEF00492D03 /* Simple Inbox */ = {
			isa = PBXGroup;
			children = (
				ACE78E3E23D0306300492D03 /* SimpleInbox.storyboard */,
			);
			path = "Simple Inbox";
			sourceTree = "<group>";
		};
		ACE78E4023D0354800492D03 /* Custom Inbox */ = {
			isa = PBXGroup;
			children = (
				ACE78E4323D036ED00492D03 /* CustomInboxCell1.xib */,
				ACE78E4123D036C500492D03 /* CustomInbox1.storyboard */,
			);
			path = "Custom Inbox";
			sourceTree = "<group>";
		};
/* End PBXGroup section */

/* Begin PBXNativeTarget section */
		ACC55DFD23CD7DB600CE77C6 /* inbox-customization */ = {
			isa = PBXNativeTarget;
			buildConfigurationList = ACC55E1223CD7DBA00CE77C6 /* Build configuration list for PBXNativeTarget "inbox-customization" */;
			buildPhases = (
				ACC55DFA23CD7DB600CE77C6 /* Sources */,
				ACC55DFB23CD7DB600CE77C6 /* Frameworks */,
				ACC55DFC23CD7DB600CE77C6 /* Resources */,
			);
			buildRules = (
			);
			dependencies = (
			);
			name = "inbox-customization";
			packageProductDependencies = (
				ACC55E1C23CD871E00CE77C6 /* IterableSDK */,
			);
			productName = "inbox-customization";
			productReference = ACC55DFE23CD7DB600CE77C6 /* inbox-customization.app */;
			productType = "com.apple.product-type.application";
		};
/* End PBXNativeTarget section */

/* Begin PBXProject section */
		ACC55DF623CD7DB600CE77C6 /* Project object */ = {
			isa = PBXProject;
			attributes = {
				LastSwiftUpdateCheck = 1130;
				LastUpgradeCheck = 1130;
				ORGANIZATIONNAME = Iterable;
				TargetAttributes = {
					ACC55DFD23CD7DB600CE77C6 = {
						CreatedOnToolsVersion = 11.3;
					};
				};
			};
			buildConfigurationList = ACC55DF923CD7DB600CE77C6 /* Build configuration list for PBXProject "inbox-customization" */;
			compatibilityVersion = "Xcode 9.3";
			developmentRegion = en;
			hasScannedForEncodings = 0;
			knownRegions = (
				en,
				Base,
			);
			mainGroup = ACC55DF523CD7DB600CE77C6;
			packageReferences = (
				ACC55E1623CD86B400CE77C6 /* XCRemoteSwiftPackageReference "swift-sdk" */,
			);
			productRefGroup = ACC55DFF23CD7DB600CE77C6 /* Products */;
			projectDirPath = "";
			projectRoot = "";
			targets = (
				ACC55DFD23CD7DB600CE77C6 /* inbox-customization */,
			);
		};
/* End PBXProject section */

/* Begin PBXResourcesBuildPhase section */
		ACC55DFC23CD7DB600CE77C6 /* Resources */ = {
			isa = PBXResourcesBuildPhase;
			buildActionMask = 2147483647;
			files = (
				ACE78E3C23D0288400492D03 /* inbox-messages-1.json in Resources */,
				ACE78E3423CF990200492D03 /* mocha.png in Resources */,
				ACE78E3A23D0288400492D03 /* inbox-messages-2.json in Resources */,
				ACE78E4223D036C500492D03 /* CustomInbox1.storyboard in Resources */,
				ACE78E3B23D0288400492D03 /* inbox-messages-3.json in Resources */,
				ACC55E0E23CD7DBA00CE77C6 /* LaunchScreen.storyboard in Resources */,
				ACC55E0B23CD7DBA00CE77C6 /* Assets.xcassets in Resources */,
				ACE78E4423D036ED00492D03 /* CustomInboxCell1.xib in Resources */,
				ACC55E0923CD7DB600CE77C6 /* Main.storyboard in Resources */,
				ACE78E3F23D0306300492D03 /* SimpleInbox.storyboard in Resources */,
			);
			runOnlyForDeploymentPostprocessing = 0;
		};
/* End PBXResourcesBuildPhase section */

/* Begin PBXSourcesBuildPhase section */
		ACC55DFA23CD7DB600CE77C6 /* Sources */ = {
			isa = PBXSourcesBuildPhase;
			buildActionMask = 2147483647;
			files = (
				ACC55E0623CD7DB600CE77C6 /* ViewController.swift in Sources */,
				ACC55E2023CE1B5900CE77C6 /* DataManager.swift in Sources */,
				ACC55E0223CD7DB600CE77C6 /* AppDelegate.swift in Sources */,
				AC98362123CE1F88003B225B /* MockInAppFetcher.swift in Sources */,
				ACC55E2323CE1C4600CE77C6 /* MockNetworkSession.swift in Sources */,
			);
			runOnlyForDeploymentPostprocessing = 0;
		};
/* End PBXSourcesBuildPhase section */

/* Begin PBXVariantGroup section */
		ACC55E0723CD7DB600CE77C6 /* Main.storyboard */ = {
			isa = PBXVariantGroup;
			children = (
				ACC55E0823CD7DB600CE77C6 /* Base */,
			);
			name = Main.storyboard;
			sourceTree = "<group>";
		};
		ACC55E0C23CD7DBA00CE77C6 /* LaunchScreen.storyboard */ = {
			isa = PBXVariantGroup;
			children = (
				ACC55E0D23CD7DBA00CE77C6 /* Base */,
			);
			name = LaunchScreen.storyboard;
			sourceTree = "<group>";
		};
/* End PBXVariantGroup section */

/* Begin XCBuildConfiguration section */
		ACC55E1023CD7DBA00CE77C6 /* Debug */ = {
			isa = XCBuildConfiguration;
			buildSettings = {
				ALWAYS_SEARCH_USER_PATHS = NO;
				CLANG_ANALYZER_NONNULL = YES;
				CLANG_ANALYZER_NUMBER_OBJECT_CONVERSION = YES_AGGRESSIVE;
				CLANG_CXX_LANGUAGE_STANDARD = "gnu++14";
				CLANG_CXX_LIBRARY = "libc++";
				CLANG_ENABLE_MODULES = YES;
				CLANG_ENABLE_OBJC_ARC = YES;
				CLANG_ENABLE_OBJC_WEAK = YES;
				CLANG_WARN_BLOCK_CAPTURE_AUTORELEASING = YES;
				CLANG_WARN_BOOL_CONVERSION = YES;
				CLANG_WARN_COMMA = YES;
				CLANG_WARN_CONSTANT_CONVERSION = YES;
				CLANG_WARN_DEPRECATED_OBJC_IMPLEMENTATIONS = YES;
				CLANG_WARN_DIRECT_OBJC_ISA_USAGE = YES_ERROR;
				CLANG_WARN_DOCUMENTATION_COMMENTS = YES;
				CLANG_WARN_EMPTY_BODY = YES;
				CLANG_WARN_ENUM_CONVERSION = YES;
				CLANG_WARN_INFINITE_RECURSION = YES;
				CLANG_WARN_INT_CONVERSION = YES;
				CLANG_WARN_NON_LITERAL_NULL_CONVERSION = YES;
				CLANG_WARN_OBJC_IMPLICIT_RETAIN_SELF = YES;
				CLANG_WARN_OBJC_LITERAL_CONVERSION = YES;
				CLANG_WARN_OBJC_ROOT_CLASS = YES_ERROR;
				CLANG_WARN_RANGE_LOOP_ANALYSIS = YES;
				CLANG_WARN_STRICT_PROTOTYPES = YES;
				CLANG_WARN_SUSPICIOUS_MOVE = YES;
				CLANG_WARN_UNGUARDED_AVAILABILITY = YES_AGGRESSIVE;
				CLANG_WARN_UNREACHABLE_CODE = YES;
				CLANG_WARN__DUPLICATE_METHOD_MATCH = YES;
				COPY_PHASE_STRIP = NO;
				DEBUG_INFORMATION_FORMAT = dwarf;
				ENABLE_STRICT_OBJC_MSGSEND = YES;
				ENABLE_TESTABILITY = YES;
				GCC_C_LANGUAGE_STANDARD = gnu11;
				GCC_DYNAMIC_NO_PIC = NO;
				GCC_NO_COMMON_BLOCKS = YES;
				GCC_OPTIMIZATION_LEVEL = 0;
				GCC_PREPROCESSOR_DEFINITIONS = (
					"DEBUG=1",
					"$(inherited)",
				);
				GCC_WARN_64_TO_32_BIT_CONVERSION = YES;
				GCC_WARN_ABOUT_RETURN_TYPE = YES_ERROR;
				GCC_WARN_UNDECLARED_SELECTOR = YES;
				GCC_WARN_UNINITIALIZED_AUTOS = YES_AGGRESSIVE;
				GCC_WARN_UNUSED_FUNCTION = YES;
				GCC_WARN_UNUSED_VARIABLE = YES;
				IPHONEOS_DEPLOYMENT_TARGET = 13.2;
				MTL_ENABLE_DEBUG_INFO = INCLUDE_SOURCE;
				MTL_FAST_MATH = YES;
				ONLY_ACTIVE_ARCH = YES;
				SDKROOT = iphoneos;
				SWIFT_ACTIVE_COMPILATION_CONDITIONS = DEBUG;
				SWIFT_OPTIMIZATION_LEVEL = "-Onone";
			};
			name = Debug;
		};
		ACC55E1123CD7DBA00CE77C6 /* Release */ = {
			isa = XCBuildConfiguration;
			buildSettings = {
				ALWAYS_SEARCH_USER_PATHS = NO;
				CLANG_ANALYZER_NONNULL = YES;
				CLANG_ANALYZER_NUMBER_OBJECT_CONVERSION = YES_AGGRESSIVE;
				CLANG_CXX_LANGUAGE_STANDARD = "gnu++14";
				CLANG_CXX_LIBRARY = "libc++";
				CLANG_ENABLE_MODULES = YES;
				CLANG_ENABLE_OBJC_ARC = YES;
				CLANG_ENABLE_OBJC_WEAK = YES;
				CLANG_WARN_BLOCK_CAPTURE_AUTORELEASING = YES;
				CLANG_WARN_BOOL_CONVERSION = YES;
				CLANG_WARN_COMMA = YES;
				CLANG_WARN_CONSTANT_CONVERSION = YES;
				CLANG_WARN_DEPRECATED_OBJC_IMPLEMENTATIONS = YES;
				CLANG_WARN_DIRECT_OBJC_ISA_USAGE = YES_ERROR;
				CLANG_WARN_DOCUMENTATION_COMMENTS = YES;
				CLANG_WARN_EMPTY_BODY = YES;
				CLANG_WARN_ENUM_CONVERSION = YES;
				CLANG_WARN_INFINITE_RECURSION = YES;
				CLANG_WARN_INT_CONVERSION = YES;
				CLANG_WARN_NON_LITERAL_NULL_CONVERSION = YES;
				CLANG_WARN_OBJC_IMPLICIT_RETAIN_SELF = YES;
				CLANG_WARN_OBJC_LITERAL_CONVERSION = YES;
				CLANG_WARN_OBJC_ROOT_CLASS = YES_ERROR;
				CLANG_WARN_RANGE_LOOP_ANALYSIS = YES;
				CLANG_WARN_STRICT_PROTOTYPES = YES;
				CLANG_WARN_SUSPICIOUS_MOVE = YES;
				CLANG_WARN_UNGUARDED_AVAILABILITY = YES_AGGRESSIVE;
				CLANG_WARN_UNREACHABLE_CODE = YES;
				CLANG_WARN__DUPLICATE_METHOD_MATCH = YES;
				COPY_PHASE_STRIP = NO;
				DEBUG_INFORMATION_FORMAT = "dwarf-with-dsym";
				ENABLE_NS_ASSERTIONS = NO;
				ENABLE_STRICT_OBJC_MSGSEND = YES;
				GCC_C_LANGUAGE_STANDARD = gnu11;
				GCC_NO_COMMON_BLOCKS = YES;
				GCC_WARN_64_TO_32_BIT_CONVERSION = YES;
				GCC_WARN_ABOUT_RETURN_TYPE = YES_ERROR;
				GCC_WARN_UNDECLARED_SELECTOR = YES;
				GCC_WARN_UNINITIALIZED_AUTOS = YES_AGGRESSIVE;
				GCC_WARN_UNUSED_FUNCTION = YES;
				GCC_WARN_UNUSED_VARIABLE = YES;
				IPHONEOS_DEPLOYMENT_TARGET = 13.2;
				MTL_ENABLE_DEBUG_INFO = NO;
				MTL_FAST_MATH = YES;
				SDKROOT = iphoneos;
				SWIFT_COMPILATION_MODE = wholemodule;
				SWIFT_OPTIMIZATION_LEVEL = "-O";
				VALIDATE_PRODUCT = YES;
			};
			name = Release;
		};
		ACC55E1323CD7DBA00CE77C6 /* Debug */ = {
			isa = XCBuildConfiguration;
			buildSettings = {
				ASSETCATALOG_COMPILER_APPICON_NAME = AppIcon;
				CODE_SIGN_STYLE = Automatic;
				DEVELOPMENT_TEAM = BP98Z28R86;
				INFOPLIST_FILE = "inbox-customization/Info.plist";
				LD_RUNPATH_SEARCH_PATHS = (
					"$(inherited)",
					"@executable_path/Frameworks",
				);
				PRODUCT_BUNDLE_IDENTIFIER = "iterable.inbox-customization";
				PRODUCT_NAME = "$(TARGET_NAME)";
				SWIFT_VERSION = 5.0;
				TARGETED_DEVICE_FAMILY = "1,2";
			};
			name = Debug;
		};
		ACC55E1423CD7DBA00CE77C6 /* Release */ = {
			isa = XCBuildConfiguration;
			buildSettings = {
				ASSETCATALOG_COMPILER_APPICON_NAME = AppIcon;
				CODE_SIGN_STYLE = Automatic;
				DEVELOPMENT_TEAM = BP98Z28R86;
				INFOPLIST_FILE = "inbox-customization/Info.plist";
				LD_RUNPATH_SEARCH_PATHS = (
					"$(inherited)",
					"@executable_path/Frameworks",
				);
				PRODUCT_BUNDLE_IDENTIFIER = "iterable.inbox-customization";
				PRODUCT_NAME = "$(TARGET_NAME)";
				SWIFT_VERSION = 5.0;
				TARGETED_DEVICE_FAMILY = "1,2";
			};
			name = Release;
		};
/* End XCBuildConfiguration section */

/* Begin XCConfigurationList section */
		ACC55DF923CD7DB600CE77C6 /* Build configuration list for PBXProject "inbox-customization" */ = {
			isa = XCConfigurationList;
			buildConfigurations = (
				ACC55E1023CD7DBA00CE77C6 /* Debug */,
				ACC55E1123CD7DBA00CE77C6 /* Release */,
			);
			defaultConfigurationIsVisible = 0;
			defaultConfigurationName = Release;
		};
		ACC55E1223CD7DBA00CE77C6 /* Build configuration list for PBXNativeTarget "inbox-customization" */ = {
			isa = XCConfigurationList;
			buildConfigurations = (
				ACC55E1323CD7DBA00CE77C6 /* Debug */,
				ACC55E1423CD7DBA00CE77C6 /* Release */,
			);
			defaultConfigurationIsVisible = 0;
			defaultConfigurationName = Release;
		};
/* End XCConfigurationList section */

/* Begin XCRemoteSwiftPackageReference section */
		ACC55E1623CD86B400CE77C6 /* XCRemoteSwiftPackageReference "swift-sdk" */ = {
			isa = XCRemoteSwiftPackageReference;
			repositoryURL = "https://github.com/Iterable/swift-sdk";
			requirement = {
				branch = inbox;
				kind = branch;
			};
		};
/* End XCRemoteSwiftPackageReference section */

/* Begin XCSwiftPackageProductDependency section */
		ACC55E1C23CD871E00CE77C6 /* IterableSDK */ = {
			isa = XCSwiftPackageProductDependency;
			package = ACC55E1623CD86B400CE77C6 /* XCRemoteSwiftPackageReference "swift-sdk" */;
			productName = IterableSDK;
		};
/* End XCSwiftPackageProductDependency section */
	};
	rootObject = ACC55DF623CD7DB600CE77C6 /* Project object */;
}
